// !$*UTF8*$!
{
	archiveVersion = 1;
	classes = {
	};
	objectVersion = 77;
	objects = {

/* Begin PBXBuildFile section */
		0F1CF6A923980EA15845C156 /* Assets.xcassets in Resources */ = {isa = PBXBuildFile; fileRef = 05722DF7E474C47F27EBF235 /* Assets.xcassets */; };
		1C3B5FD4D53ED6E9CFED753E /* RoundsCard.swift in Sources */ = {isa = PBXBuildFile; fileRef = 16170942DB0A4F0440F8079D /* RoundsCard.swift */; };
		4601CDC7D5B4CC295BDC94A9 /* FavoritesView.swift in Sources */ = {isa = PBXBuildFile; fileRef = D77B6D346B68A3F0D289B385 /* FavoritesView.swift */; };
		5E1A9DF8B981AEB067F417A4 /* HomeView.swift in Sources */ = {isa = PBXBuildFile; fileRef = 0CF3C30A73C693C101814497 /* HomeView.swift */; };
		66A1F6B17DBA082FEF72A328 /* SaveFavoriteSheet.swift in Sources */ = {isa = PBXBuildFile; fileRef = 694D0D6B2B8370BEE02A639B /* SaveFavoriteSheet.swift */; };
		771D7FB4C94F38BE4BE6198A /* Workout.swift in Sources */ = {isa = PBXBuildFile; fileRef = 482CF603866D021BFA05487A /* Workout.swift */; };
		7B81E5315B248E29FA30341B /* WorkoutStore.swift in Sources */ = {isa = PBXBuildFile; fileRef = C295CA1BA5CDEEBDFFD531C6 /* WorkoutStore.swift */; };
		8C4F36E08EAF4985D1E66824 /* AccountView.swift in Sources */ = {isa = PBXBuildFile; fileRef = B8B84434834C990A89CC0AF8 /* AccountView.swift */; };
		9710DAB28ED449A4F44B6A0C /* TimerEngine.swift in Sources */ = {isa = PBXBuildFile; fileRef = F4E460BA9A6F05B846362B0B /* TimerEngine.swift */; };
		9912B722ECFA39B594663CAA /* CountdownView.swift in Sources */ = {isa = PBXBuildFile; fileRef = 73ECCC82EC57F34703892553 /* CountdownView.swift */; };
		BA81DDA275177C349B4B7B0A /* LaunchScreen.storyboard in Resources */ = {isa = PBXBuildFile; fileRef = 4A693B22BDECC1B2AC1D534E /* LaunchScreen.storyboard */; };
		D0208B96970F93B4FB484C9D /* FinishedView.swift in Sources */ = {isa = PBXBuildFile; fileRef = 7719842B80805ECFFBA1F735 /* FinishedView.swift */; };
		DDD5315B9341EF1C3FF2DEE9 /* TimePickerCard.swift in Sources */ = {isa = PBXBuildFile; fileRef = F06C31B7314FA9985A8008B6 /* TimePickerCard.swift */; };
		E816D175ED752916A727A9C8 /* ActiveTrainingView.swift in Sources */ = {isa = PBXBuildFile; fileRef = AE8CFECF49C09590DFA08F1B /* ActiveTrainingView.swift */; };
		EA4AB6E09438AADA6D26D16F /* RootTabView.swift in Sources */ = {isa = PBXBuildFile; fileRef = 05B8C889057A58A59105DB82 /* RootTabView.swift */; };
		ECD876AF571A950BE763867E /* AppTheme.swift in Sources */ = {isa = PBXBuildFile; fileRef = 3D42C9BB84B2D5CF42C7A9B1 /* AppTheme.swift */; };
		F870842EEB6AC710C662BFB1 /* IntervalApp.swift in Sources */ = {isa = PBXBuildFile; fileRef = B7A5212017476B06800569C6 /* IntervalApp.swift */; };
/* End PBXBuildFile section */

/* Begin PBXFileReference section */
		05722DF7E474C47F27EBF235 /* Assets.xcassets */ = {isa = PBXFileReference; lastKnownFileType = folder.assetcatalog; path = Assets.xcassets; sourceTree = "<group>"; };
		05B8C889057A58A59105DB82 /* RootTabView.swift */ = {isa = PBXFileReference; lastKnownFileType = sourcecode.swift; path = RootTabView.swift; sourceTree = "<group>"; };
		0CF3C30A73C693C101814497 /* HomeView.swift */ = {isa = PBXFileReference; lastKnownFileType = sourcecode.swift; path = HomeView.swift; sourceTree = "<group>"; };
		16170942DB0A4F0440F8079D /* RoundsCard.swift */ = {isa = PBXFileReference; lastKnownFileType = sourcecode.swift; path = RoundsCard.swift; sourceTree = "<group>"; };
		1B9C60C0F19775C5917AEB91 /* bouw-space.app */ = {isa = PBXFileReference; includeInIndex = 0; lastKnownFileType = wrapper.application; path = "bouw-space.app"; sourceTree = BUILT_PRODUCTS_DIR; };
		3D42C9BB84B2D5CF42C7A9B1 /* AppTheme.swift */ = {isa = PBXFileReference; lastKnownFileType = sourcecode.swift; path = AppTheme.swift; sourceTree = "<group>"; };
		482CF603866D021BFA05487A /* Workout.swift */ = {isa = PBXFileReference; lastKnownFileType = sourcecode.swift; path = Workout.swift; sourceTree = "<group>"; };
		694D0D6B2B8370BEE02A639B /* SaveFavoriteSheet.swift */ = {isa = PBXFileReference; lastKnownFileType = sourcecode.swift; path = SaveFavoriteSheet.swift; sourceTree = "<group>"; };
		73ECCC82EC57F34703892553 /* CountdownView.swift */ = {isa = PBXFileReference; lastKnownFileType = sourcecode.swift; path = CountdownView.swift; sourceTree = "<group>"; };
		7719842B80805ECFFBA1F735 /* FinishedView.swift */ = {isa = PBXFileReference; lastKnownFileType = sourcecode.swift; path = FinishedView.swift; sourceTree = "<group>"; };
		9AF6D6B97C08BE051398E963 /* Base */ = {isa = PBXFileReference; lastKnownFileType = file.storyboard; name = Base; path = Base.lproj/LaunchScreen.storyboard; sourceTree = "<group>"; };
		AE8CFECF49C09590DFA08F1B /* ActiveTrainingView.swift */ = {isa = PBXFileReference; lastKnownFileType = sourcecode.swift; path = ActiveTrainingView.swift; sourceTree = "<group>"; };
		B7A5212017476B06800569C6 /* IntervalApp.swift */ = {isa = PBXFileReference; lastKnownFileType = sourcecode.swift; path = IntervalApp.swift; sourceTree = "<group>"; };
		B8B84434834C990A89CC0AF8 /* AccountView.swift */ = {isa = PBXFileReference; lastKnownFileType = sourcecode.swift; path = AccountView.swift; sourceTree = "<group>"; };
		C295CA1BA5CDEEBDFFD531C6 /* WorkoutStore.swift */ = {isa = PBXFileReference; lastKnownFileType = sourcecode.swift; path = WorkoutStore.swift; sourceTree = "<group>"; };
		C90F26D5C8A193362646BE2B /* Info.plist */ = {isa = PBXFileReference; lastKnownFileType = text.plist; path = Info.plist; sourceTree = "<group>"; };
		D77B6D346B68A3F0D289B385 /* FavoritesView.swift */ = {isa = PBXFileReference; lastKnownFileType = sourcecode.swift; path = FavoritesView.swift; sourceTree = "<group>"; };
		F06C31B7314FA9985A8008B6 /* TimePickerCard.swift */ = {isa = PBXFileReference; lastKnownFileType = sourcecode.swift; path = TimePickerCard.swift; sourceTree = "<group>"; };
		F4E460BA9A6F05B846362B0B /* TimerEngine.swift */ = {isa = PBXFileReference; lastKnownFileType = sourcecode.swift; path = TimerEngine.swift; sourceTree = "<group>"; };
/* End PBXFileReference section */

/* Begin PBXGroup section */
		30842E423DDD6B3924CCBB89 /* Theme */ = {
			isa = PBXGroup;
			children = (
				3D42C9BB84B2D5CF42C7A9B1 /* AppTheme.swift */,
			);
			path = Theme;
			sourceTree = "<group>";
		};
		3767629B2A7021C338390AC2 /* Products */ = {
			isa = PBXGroup;
			children = (
				1B9C60C0F19775C5917AEB91 /* bouw-space.app */,
			);
			name = Products;
			sourceTree = "<group>";
		};
		478A2F20B22E6D5F03054526 /* Screens */ = {
			isa = PBXGroup;
			children = (
				E320628481D52258B45EBA96 /* Account */,
				A69B3A8DE90DCAB680CB721A /* Active */,
				CE7400D5BF5208DB765F9919 /* Favorites */,
				6B67611E0DDA913C6BBBCB32 /* Home */,
			);
			path = Screens;
			sourceTree = "<group>";
		};
		6B67611E0DDA913C6BBBCB32 /* Home */ = {
			isa = PBXGroup;
			children = (
				0CF3C30A73C693C101814497 /* HomeView.swift */,
				16170942DB0A4F0440F8079D /* RoundsCard.swift */,
				694D0D6B2B8370BEE02A639B /* SaveFavoriteSheet.swift */,
				F06C31B7314FA9985A8008B6 /* TimePickerCard.swift */,
			);
			path = Home;
			sourceTree = "<group>";
		};
		6F7305E85FFBB28F44300F12 /* Navigation */ = {
			isa = PBXGroup;
			children = (
				05B8C889057A58A59105DB82 /* RootTabView.swift */,
			);
			path = Navigation;
			sourceTree = "<group>";
		};
		9E8492A1A91296EE1D0E0C4E /* Models */ = {
			isa = PBXGroup;
			children = (
				482CF603866D021BFA05487A /* Workout.swift */,
				C295CA1BA5CDEEBDFFD531C6 /* WorkoutStore.swift */,
			);
			path = Models;
			sourceTree = "<group>";
		};
		A0B2E2F9243A8219E06CCCB4 = {
			isa = PBXGroup;
			children = (
				ACA297108424AAB85B538BEC /* bouw-space */,
				3767629B2A7021C338390AC2 /* Products */,
			);
			sourceTree = "<group>";
		};
		A69B3A8DE90DCAB680CB721A /* Active */ = {
			isa = PBXGroup;
			children = (
				AE8CFECF49C09590DFA08F1B /* ActiveTrainingView.swift */,
				73ECCC82EC57F34703892553 /* CountdownView.swift */,
				7719842B80805ECFFBA1F735 /* FinishedView.swift */,
				F4E460BA9A6F05B846362B0B /* TimerEngine.swift */,
			);
			path = Active;
			sourceTree = "<group>";
		};
		ACA297108424AAB85B538BEC /* bouw-space */ = {
			isa = PBXGroup;
			children = (
				05722DF7E474C47F27EBF235 /* Assets.xcassets */,
				C90F26D5C8A193362646BE2B /* Info.plist */,
				B7A5212017476B06800569C6 /* IntervalApp.swift */,
				4A693B22BDECC1B2AC1D534E /* LaunchScreen.storyboard */,
				9E8492A1A91296EE1D0E0C4E /* Models */,
				6F7305E85FFBB28F44300F12 /* Navigation */,
				478A2F20B22E6D5F03054526 /* Screens */,
				30842E423DDD6B3924CCBB89 /* Theme */,
			);
			path = "bouw-space";
			sourceTree = "<group>";
		};
		CE7400D5BF5208DB765F9919 /* Favorites */ = {
			isa = PBXGroup;
			children = (
				D77B6D346B68A3F0D289B385 /* FavoritesView.swift */,
			);
			path = Favorites;
			sourceTree = "<group>";
		};
		E320628481D52258B45EBA96 /* Account */ = {
			isa = PBXGroup;
			children = (
				B8B84434834C990A89CC0AF8 /* AccountView.swift */,
			);
			path = Account;
			sourceTree = "<group>";
		};
/* End PBXGroup section */

/* Begin PBXNativeTarget section */
		FDF4F29150928E3CD28F8E5D /* bouw-space */ = {
			isa = PBXNativeTarget;
			buildConfigurationList = 57E0DD3F234BF7F7E2D587CE /* Build configuration list for PBXNativeTarget "bouw-space" */;
			buildPhases = (
				FFFFCE11E0DE7E555438A7DE /* Sources */,
				C3970898804001AEF67D1A2B /* Resources */,
			);
			buildRules = (
			);
			dependencies = (
			);
			name = "bouw-space";
			packageProductDependencies = (
			);
			productName = "bouw-space";
			productReference = 1B9C60C0F19775C5917AEB91 /* bouw-space.app */;
			productType = "com.apple.product-type.application";
		};
/* End PBXNativeTarget section */

/* Begin PBXProject section */
		5B88353729B878C739A03125 /* Project object */ = {
			isa = PBXProject;
			attributes = {
				BuildIndependentTargetsInParallel = YES;
				LastUpgradeCheck = 1430;
			};
			buildConfigurationList = 8F3376D7B894BF532F1117D8 /* Build configuration list for PBXProject "bouw-space" */;
			compatibilityVersion = "Xcode 14.0";
			developmentRegion = en;
			hasScannedForEncodings = 0;
			knownRegions = (
				Base,
				en,
			);
			mainGroup = A0B2E2F9243A8219E06CCCB4;
			minimizedProjectReferenceProxies = 1;
			preferredProjectObjectVersion = 77;
			projectDirPath = "";
			projectRoot = "";
			targets = (
				FDF4F29150928E3CD28F8E5D /* bouw-space */,
			);
		};
/* End PBXProject section */

/* Begin PBXResourcesBuildPhase section */
		C3970898804001AEF67D1A2B /* Resources */ = {
			isa = PBXResourcesBuildPhase;
			buildActionMask = 2147483647;
			files = (
				0F1CF6A923980EA15845C156 /* Assets.xcassets in Resources */,
				BA81DDA275177C349B4B7B0A /* LaunchScreen.storyboard in Resources */,
			);
			runOnlyForDeploymentPostprocessing = 0;
		};
/* End PBXResourcesBuildPhase section */

/* Begin PBXSourcesBuildPhase section */
		FFFFCE11E0DE7E555438A7DE /* Sources */ = {
			isa = PBXSourcesBuildPhase;
			buildActionMask = 2147483647;
			files = (
				8C4F36E08EAF4985D1E66824 /* AccountView.swift in Sources */,
				E816D175ED752916A727A9C8 /* ActiveTrainingView.swift in Sources */,
				ECD876AF571A950BE763867E /* AppTheme.swift in Sources */,
				9912B722ECFA39B594663CAA /* CountdownView.swift in Sources */,
				4601CDC7D5B4CC295BDC94A9 /* FavoritesView.swift in Sources */,
				D0208B96970F93B4FB484C9D /* FinishedView.swift in Sources */,
				5E1A9DF8B981AEB067F417A4 /* HomeView.swift in Sources */,
				F870842EEB6AC710C662BFB1 /* IntervalApp.swift in Sources */,
				EA4AB6E09438AADA6D26D16F /* RootTabView.swift in Sources */,
				1C3B5FD4D53ED6E9CFED753E /* RoundsCard.swift in Sources */,
				66A1F6B17DBA082FEF72A328 /* SaveFavoriteSheet.swift in Sources */,
				DDD5315B9341EF1C3FF2DEE9 /* TimePickerCard.swift in Sources */,
				9710DAB28ED449A4F44B6A0C /* TimerEngine.swift in Sources */,
				771D7FB4C94F38BE4BE6198A /* Workout.swift in Sources */,
				7B81E5315B248E29FA30341B /* WorkoutStore.swift in Sources */,
			);
			runOnlyForDeploymentPostprocessing = 0;
		};
/* End PBXSourcesBuildPhase section */

/* Begin PBXVariantGroup section */
		4A693B22BDECC1B2AC1D534E /* LaunchScreen.storyboard */ = {
			isa = PBXVariantGroup;
			children = (
				9AF6D6B97C08BE051398E963 /* Base */,
			);
			name = LaunchScreen.storyboard;
			sourceTree = "<group>";
		};
/* End PBXVariantGroup section */

/* Begin XCBuildConfiguration section */
		26B0E7D91FE6480BEFAA4EFB /* Debug */ = {
			isa = XCBuildConfiguration;
			buildSettings = {
				INFOPLIST_FILE = "bouw-space/Info.plist";
				IPHONEOS_DEPLOYMENT_TARGET = 17.0;
				PRODUCT_BUNDLE_IDENTIFIER = com.superapp.bouwspace;
			};
			name = Debug;
		};
		7C8719F6810DE97CDD5A63BB /* Release */ = {
			isa = XCBuildConfiguration;
			buildSettings = {
				ALWAYS_SEARCH_USER_PATHS = NO;
				ASSETCATALOG_COMPILER_APPICON_NAME = AppIcon;
				CURRENT_PROJECT_VERSION = 1;
				MARKETING_VERSION = 1.0;
				PRODUCT_NAME = "bouw-space";
				SDKROOT = iphoneos;
				SUPPORTED_PLATFORMS = "iphoneos iphonesimulator";
				SUPPORTS_MACCATALYST = NO;
				SWIFT_VERSION = 5.0;
				TARGETED_DEVICE_FAMILY = 2;
			};
			name = Release;
		};
		81905CC516A96FD1841B3612 /* Debug */ = {
			isa = XCBuildConfiguration;
			buildSettings = {
				ALWAYS_SEARCH_USER_PATHS = NO;
				ASSETCATALOG_COMPILER_APPICON_NAME = AppIcon;
				CURRENT_PROJECT_VERSION = 1;
				MARKETING_VERSION = 1.0;
				PRODUCT_NAME = "bouw-space";
				SDKROOT = iphoneos;
				SUPPORTED_PLATFORMS = "iphoneos iphonesimulator";
				SUPPORTS_MACCATALYST = NO;
				SWIFT_VERSION = 5.0;
				TARGETED_DEVICE_FAMILY = 2;
			};
			name = Debug;
		};
		8652710D8E1DA79710152450 /* Release */ = {
			isa = XCBuildConfiguration;
			buildSettings = {
				INFOPLIST_FILE = "bouw-space/Info.plist";
				IPHONEOS_DEPLOYMENT_TARGET = 17.0;
				PRODUCT_BUNDLE_IDENTIFIER = com.superapp.bouwspace;
			};
			name = Release;
		};
/* End XCBuildConfiguration section */

/* Begin XCConfigurationList section */
		57E0DD3F234BF7F7E2D587CE /* Build configuration list for PBXNativeTarget "bouw-space" */ = {
			isa = XCConfigurationList;
			buildConfigurations = (
				26B0E7D91FE6480BEFAA4EFB /* Debug */,
				8652710D8E1DA79710152450 /* Release */,
			);
			defaultConfigurationIsVisible = 0;
			defaultConfigurationName = Debug;
		};
		8F3376D7B894BF532F1117D8 /* Build configuration list for PBXProject "bouw-space" */ = {
			isa = XCConfigurationList;
			buildConfigurations = (
				81905CC516A96FD1841B3612 /* Debug */,
				7C8719F6810DE97CDD5A63BB /* Release */,
			);
			defaultConfigurationIsVisible = 0;
			defaultConfigurationName = Debug;
		};
/* End XCConfigurationList section */
	};
	rootObject = 5B88353729B878C739A03125 /* Project object */;
}
