// !$*UTF8*$!
{
	archiveVersion = 1;
	classes = {
	};
	objectVersion = 77;
	objects = {

/* Begin PBXBuildFile section */
		013F3885939818C4A078C379 /* IntervalsListView.swift in Sources */ = {isa = PBXBuildFile; fileRef = F0C4AA02FDBC3B439ECDF4A1 /* IntervalsListView.swift */; };
		01E5B77F455DB1B464AB1EA9 /* PrivacyInfo.xcprivacy in Resources */ = {isa = PBXBuildFile; fileRef = 48BA21074E6F04D4B2AA20BF /* PrivacyInfo.xcprivacy */; };
		032592F5AB9B08FF571FA62B /* SupabaseConfig.swift in Sources */ = {isa = PBXBuildFile; fileRef = C770D91112015590176AD500 /* SupabaseConfig.swift */; };
		098F31B7D4359E950343EF4B /* WorkoutKitExporterTests.swift in Sources */ = {isa = PBXBuildFile; fileRef = B3DCD77BC06549D346CD3192 /* WorkoutKitExporterTests.swift */; };
		09CA245DE56D3791B6A6E7D4 /* VoicePlayer.swift in Sources */ = {isa = PBXBuildFile; fileRef = BD3D41736EAB07FECF76C1BF /* VoicePlayer.swift */; };
		0B138210CB8024340185A71F /* AppearanceMode.swift in Sources */ = {isa = PBXBuildFile; fileRef = AB162193643A9BFB2BE0334B /* AppearanceMode.swift */; };
		0B57AC28BC3F3BB089D8DE43 /* ValuePickerRow.swift in Sources */ = {isa = PBXBuildFile; fileRef = B2269A9F41C7F32A2D64FF7F /* ValuePickerRow.swift */; };
		0E18786AA18120F6B809F881 /* CountdownView.swift in Sources */ = {isa = PBXBuildFile; fileRef = F04ACBDFD5742004091AA41A /* CountdownView.swift */; };
		0E5734CC01E97443A4EB4F50 /* cue_finished.m4a in Resources */ = {isa = PBXBuildFile; fileRef = 1CC1D7F13391A8F6AD0434CB /* cue_finished.m4a */; };
		0EF44145ECD1576EE3703D55 /* PaywallView.swift in Sources */ = {isa = PBXBuildFile; fileRef = EB7BD5634C8402C1ABF4B37A /* PaywallView.swift */; };
		100DE654742905DFE40BC952 /* InlineTimeWheel.swift in Sources */ = {isa = PBXBuildFile; fileRef = C3E255E2AE663617BBC9B3B3 /* InlineTimeWheel.swift */; };
		220038BC7C48E940333967E1 /* Workout.swift in Sources */ = {isa = PBXBuildFile; fileRef = 6D17CAC99CC1365F5E439C3B /* Workout.swift */; };
		23EA2F8BE738C5D1CD50D480 /* WorkoutTests.swift in Sources */ = {isa = PBXBuildFile; fileRef = 9A48AAE003A49BEC7F055FBD /* WorkoutTests.swift */; };
		252F78525F7279518C746F8B /* PhaseTheme.swift in Sources */ = {isa = PBXBuildFile; fileRef = BCC9F44ABA19DB024C2ED3C4 /* PhaseTheme.swift */; };
		25EACECF67D676B4F8252531 /* WorkoutCue.swift in Sources */ = {isa = PBXBuildFile; fileRef = 79312A06FD2B5DA77F02D15C /* WorkoutCue.swift */; };
		2A1A186929DDC424D1CA9B03 /* FavoriteRowView.swift in Sources */ = {isa = PBXBuildFile; fileRef = 3F927546BF320A870A2E0FAF /* FavoriteRowView.swift */; };
		2B44DC2528483AE769AAE835 /* WorkoutEntityTests.swift in Sources */ = {isa = PBXBuildFile; fileRef = 762BE01CD01ECDE5E46E316A /* WorkoutEntityTests.swift */; };
		2E22D97DE7E2B52C50426B38 /* RootTabView.swift in Sources */ = {isa = PBXBuildFile; fileRef = 340DF40FC80AB7159E3BD955 /* RootTabView.swift */; };
		2F9E30B06F518E6FBB8F1382 /* SaveFavoriteSheet.swift in Sources */ = {isa = PBXBuildFile; fileRef = 223B59BDE97FBE39779F5AA2 /* SaveFavoriteSheet.swift */; };
		31FB69F8EC79C069D6A0B8A1 /* AudioSettings.swift in Sources */ = {isa = PBXBuildFile; fileRef = 077367B716363649E4BD9969 /* AudioSettings.swift */; };
		32511EADB07453671B36962E /* schema.sql in Resources */ = {isa = PBXBuildFile; fileRef = 21F88EFFEA060C13F32717A3 /* schema.sql */; };
		3FA77427025764AE342A04E9 /* ActiveTrainingView.swift in Sources */ = {isa = PBXBuildFile; fileRef = 2E7D56FB5A059FFB88274D17 /* ActiveTrainingView.swift */; };
		40DD1B6CB83B6660231985AB /* CueChannel.swift in Sources */ = {isa = PBXBuildFile; fileRef = D9D6B050B53CDF4B90D65EFA /* CueChannel.swift */; };
		4A059695B4F24379D49C58AF /* AdjustWorkoutSheet.swift in Sources */ = {isa = PBXBuildFile; fileRef = A52F27DC32B9E638CB334A5C /* AdjustWorkoutSheet.swift */; };
		4DB6BF6D8538A6863FFCC1C8 /* cue_one.m4a in Resources */ = {isa = PBXBuildFile; fileRef = 47BF0E670CCAABCA9D00B206 /* cue_one.m4a */; };
		5CD296F9BD95AE9E80300389 /* AudioSessionController.swift in Sources */ = {isa = PBXBuildFile; fileRef = 309BCDCFE4C3ABB75C7662A7 /* AudioSessionController.swift */; };
		69D7587916F07C93F6120A8E /* StoreManager.swift in Sources */ = {isa = PBXBuildFile; fileRef = 38B2732F524AC28B0DF213EF /* StoreManager.swift */; };
		6C7A174FBC4CA89050033316 /* TimerEngineTests.swift in Sources */ = {isa = PBXBuildFile; fileRef = 9AD7DF82FA70DA3AA759E5B0 /* TimerEngineTests.swift */; };
		76A6F14E29A1E2867E970B04 /* WorkoutKitExporter.swift in Sources */ = {isa = PBXBuildFile; fileRef = 8F97E3FDA7C410ACA3CFA233 /* WorkoutKitExporter.swift */; };
		796247EAC60337015D475372 /* Localizable.xcstrings in Resources */ = {isa = PBXBuildFile; fileRef = 6ADEC4387A2F773F7CE7CF93 /* Localizable.xcstrings */; };
		797930F88CCB8F0A7DCCD03D /* Duration+Formatting.swift in Sources */ = {isa = PBXBuildFile; fileRef = 0A53A3D76A9ED6642E97AD13 /* Duration+Formatting.swift */; };
		7C752F6B44D2084DF0E59D2B /* Animations.swift in Sources */ = {isa = PBXBuildFile; fileRef = 27E391BD054CABD189B28253 /* Animations.swift */; };
		7CEFFBBDABF57ECE4BA379D0 /* AppTheme.swift in Sources */ = {isa = PBXBuildFile; fileRef = 6C1F9B23CD262E3AA571DFA3 /* AppTheme.swift */; };
		7ED1B89A493D72EB0FB3715A /* OnboardingView.swift in Sources */ = {isa = PBXBuildFile; fileRef = FF6A22F58EEA679E1F5A873B /* OnboardingView.swift */; };
		7F8ED9D7DCD2D09A6418DA93 /* README.md in Resources */ = {isa = PBXBuildFile; fileRef = D79914C53DC97701222B5276 /* README.md */; };
		8D57B0F11471078A35B637A8 /* FavoritesView.swift in Sources */ = {isa = PBXBuildFile; fileRef = 337E93E69B930FB1E7434796 /* FavoritesView.swift */; };
		94890843D472453C072BC823 /* AppIcon.icon in Resources */ = {isa = PBXBuildFile; fileRef = A7E721CDE6987C51F7096673 /* AppIcon.icon */; };
		A8FA32AFDEB3EDA39CD226A3 /* HomeView.swift in Sources */ = {isa = PBXBuildFile; fileRef = AEDA0F81E81B45020A357FBD /* HomeView.swift */; };
		AD70E2EB1850B89BEF4988DE /* TimerEngine.swift in Sources */ = {isa = PBXBuildFile; fileRef = 253D44E3730E3157A24BD377 /* TimerEngine.swift */; };
		AD9FF9D3F721C373F943757C /* Supabase in Frameworks */ = {isa = PBXBuildFile; productRef = 47A3B93421184EFB24DED71D /* Supabase */; };
		AEF3393A45AE693A11E344DF /* AccountView.swift in Sources */ = {isa = PBXBuildFile; fileRef = 6BD66B41188A3EF174B0FE26 /* AccountView.swift */; };
		BEDAC95127D6EC48F2EAA585 /* cue_three.m4a in Resources */ = {isa = PBXBuildFile; fileRef = FA872CAAF20AE75EEB750861 /* cue_three.m4a */; };
		C060049E06E42D585C26D872 /* SupabaseManager.swift in Sources */ = {isa = PBXBuildFile; fileRef = 630F1B17C93A4FE2C0AE42C1 /* SupabaseManager.swift */; };
		C16185227FABF2DD3164F8A3 /* AuthManager.swift in Sources */ = {isa = PBXBuildFile; fileRef = 36ED121655D524E7B42234E1 /* AuthManager.swift */; };
		C1F767C558AF171048595FED /* EditFavoriteSheet.swift in Sources */ = {isa = PBXBuildFile; fileRef = 4E4F5ED806812400497CD360 /* EditFavoriteSheet.swift */; };
		C2F1C88D91DD39A599D6ACA6 /* Interval_Code_Review_Suggesties.docx in Resources */ = {isa = PBXBuildFile; fileRef = AF6A0AED6FE6297B73609E37 /* Interval_Code_Review_Suggesties.docx */; };
		C3068D30DCE0F85FA71B00E4 /* FinishedView.swift in Sources */ = {isa = PBXBuildFile; fileRef = 4F1C4D658809917DA8BB43FE /* FinishedView.swift */; };
		CABB7A7520878E16AE34F61D /* AppleUser.swift in Sources */ = {isa = PBXBuildFile; fileRef = FCD3F4561E94446094B91039 /* AppleUser.swift */; };
		D044EE26AAF639CAD31B238F /* AppearanceSettings.swift in Sources */ = {isa = PBXBuildFile; fileRef = C6AEA91642F0A398A4EB7D00 /* AppearanceSettings.swift */; };
		D087275C8401EB68495CA1D7 /* InlineRoundsWheel.swift in Sources */ = {isa = PBXBuildFile; fileRef = DF82343DE0FE4779BD8C0FCF /* InlineRoundsWheel.swift */; };
		D3E4164D1B3F640A2E13EFEF /* Assets.xcassets in Resources */ = {isa = PBXBuildFile; fileRef = 752CBD28BA7940D2A9E78619 /* Assets.xcassets */; };
		DBCE5D8FCFAAF0C360134B4D /* HapticPlayer.swift in Sources */ = {isa = PBXBuildFile; fileRef = FE3DE938619A510CC2D0D40D /* HapticPlayer.swift */; };
		DE34FE5432F0AF6F5EBE004A /* WorkoutEntity.swift in Sources */ = {isa = PBXBuildFile; fileRef = B70D98A377327CD916FA247F /* WorkoutEntity.swift */; };
		DEDFCFAA251D16E8AF213601 /* cue_work_start.m4a in Resources */ = {isa = PBXBuildFile; fileRef = 8E4363701EB821FE16CB42FD /* cue_work_start.m4a */; };
		E5536EF613B4821AA025F294 /* cue_halfway.m4a in Resources */ = {isa = PBXBuildFile; fileRef = D330ACAC92E7B25B4BFFBA66 /* cue_halfway.m4a */; };
		E8F187B7EBDA5739F8EE3361 /* CueOrchestrator.swift in Sources */ = {isa = PBXBuildFile; fileRef = CCAC9CBB58041E238233C2F7 /* CueOrchestrator.swift */; };
		EA4AD758CAE89A95978D989B /* WorkoutStore.swift in Sources */ = {isa = PBXBuildFile; fileRef = 08FD082A7D73BCFEB6463462 /* WorkoutStore.swift */; };
		EC2154BE159F6AD88E03CA84 /* cue_rest_start.m4a in Resources */ = {isa = PBXBuildFile; fileRef = 9412B1D4C851C5D80C7A0935 /* cue_rest_start.m4a */; };
		F1E8FB7F678557B2119A9732 /* LaunchScreen.storyboard in Resources */ = {isa = PBXBuildFile; fileRef = 0A042FBC3C1F6F18811CC8C5 /* LaunchScreen.storyboard */; };
		F4528B9623887042DEB3E7B8 /* IntervalApp.swift in Sources */ = {isa = PBXBuildFile; fileRef = 22375E0B93D4243973835DA0 /* IntervalApp.swift */; };
		F4DDDB5A4646F51334AA3919 /* cue_last_round.m4a in Resources */ = {isa = PBXBuildFile; fileRef = 395E745EF3391198F9488107 /* cue_last_round.m4a */; };
		FFA04C325A5A53BFAB479E7D /* cue_two.m4a in Resources */ = {isa = PBXBuildFile; fileRef = 16907791187C04BD9E65A3AD /* cue_two.m4a */; };
/* End PBXBuildFile section */

/* Begin PBXContainerItemProxy section */
		3F1CF63104CBBA4D4311EF9A /* PBXContainerItemProxy */ = {
			isa = PBXContainerItemProxy;
			containerPortal = 4E088F146A55CD94FB91988F /* Project object */;
			proxyType = 1;
			remoteGlobalIDString = 06EF7A6AFED6A8783BF3E747;
			remoteInfo = Interval;
		};
/* End PBXContainerItemProxy section */

/* Begin PBXFileReference section */
		077367B716363649E4BD9969 /* AudioSettings.swift */ = {isa = PBXFileReference; lastKnownFileType = sourcecode.swift; path = AudioSettings.swift; sourceTree = "<group>"; };
		08FD082A7D73BCFEB6463462 /* WorkoutStore.swift */ = {isa = PBXFileReference; lastKnownFileType = sourcecode.swift; path = WorkoutStore.swift; sourceTree = "<group>"; };
		0A53A3D76A9ED6642E97AD13 /* Duration+Formatting.swift */ = {isa = PBXFileReference; lastKnownFileType = sourcecode.swift; path = "Duration+Formatting.swift"; sourceTree = "<group>"; };
		16907791187C04BD9E65A3AD /* cue_two.m4a */ = {isa = PBXFileReference; path = cue_two.m4a; sourceTree = "<group>"; };
		19F89D398B5911544050C1AB /* Base */ = {isa = PBXFileReference; lastKnownFileType = file.storyboard; name = Base; path = Base.lproj/LaunchScreen.storyboard; sourceTree = "<group>"; };
		1CC1D7F13391A8F6AD0434CB /* cue_finished.m4a */ = {isa = PBXFileReference; path = cue_finished.m4a; sourceTree = "<group>"; };
		21F88EFFEA060C13F32717A3 /* schema.sql */ = {isa = PBXFileReference; path = schema.sql; sourceTree = "<group>"; };
		22375E0B93D4243973835DA0 /* IntervalApp.swift */ = {isa = PBXFileReference; lastKnownFileType = sourcecode.swift; path = IntervalApp.swift; sourceTree = "<group>"; };
		223B59BDE97FBE39779F5AA2 /* SaveFavoriteSheet.swift */ = {isa = PBXFileReference; lastKnownFileType = sourcecode.swift; path = SaveFavoriteSheet.swift; sourceTree = "<group>"; };
		253D44E3730E3157A24BD377 /* TimerEngine.swift */ = {isa = PBXFileReference; lastKnownFileType = sourcecode.swift; path = TimerEngine.swift; sourceTree = "<group>"; };
		27E391BD054CABD189B28253 /* Animations.swift */ = {isa = PBXFileReference; lastKnownFileType = sourcecode.swift; path = Animations.swift; sourceTree = "<group>"; };
		2E7D56FB5A059FFB88274D17 /* ActiveTrainingView.swift */ = {isa = PBXFileReference; lastKnownFileType = sourcecode.swift; path = ActiveTrainingView.swift; sourceTree = "<group>"; };
		309BCDCFE4C3ABB75C7662A7 /* AudioSessionController.swift */ = {isa = PBXFileReference; lastKnownFileType = sourcecode.swift; path = AudioSessionController.swift; sourceTree = "<group>"; };
		337E93E69B930FB1E7434796 /* FavoritesView.swift */ = {isa = PBXFileReference; lastKnownFileType = sourcecode.swift; path = FavoritesView.swift; sourceTree = "<group>"; };
		340DF40FC80AB7159E3BD955 /* RootTabView.swift */ = {isa = PBXFileReference; lastKnownFileType = sourcecode.swift; path = RootTabView.swift; sourceTree = "<group>"; };
		36ED121655D524E7B42234E1 /* AuthManager.swift */ = {isa = PBXFileReference; lastKnownFileType = sourcecode.swift; path = AuthManager.swift; sourceTree = "<group>"; };
		38B2732F524AC28B0DF213EF /* StoreManager.swift */ = {isa = PBXFileReference; lastKnownFileType = sourcecode.swift; path = StoreManager.swift; sourceTree = "<group>"; };
		395E745EF3391198F9488107 /* cue_last_round.m4a */ = {isa = PBXFileReference; path = cue_last_round.m4a; sourceTree = "<group>"; };
		39EC42A9DAE0FE6D798C774B /* Interval.app */ = {isa = PBXFileReference; includeInIndex = 0; lastKnownFileType = wrapper.application; path = Interval.app; sourceTree = BUILT_PRODUCTS_DIR; };
		3F927546BF320A870A2E0FAF /* FavoriteRowView.swift */ = {isa = PBXFileReference; lastKnownFileType = sourcecode.swift; path = FavoriteRowView.swift; sourceTree = "<group>"; };
		421E432D7C045551351A8DA1 /* Interval.entitlements */ = {isa = PBXFileReference; lastKnownFileType = text.plist.entitlements; path = Interval.entitlements; sourceTree = "<group>"; };
		47BF0E670CCAABCA9D00B206 /* cue_one.m4a */ = {isa = PBXFileReference; path = cue_one.m4a; sourceTree = "<group>"; };
		48BA21074E6F04D4B2AA20BF /* PrivacyInfo.xcprivacy */ = {isa = PBXFileReference; path = PrivacyInfo.xcprivacy; sourceTree = "<group>"; };
		4E4F5ED806812400497CD360 /* EditFavoriteSheet.swift */ = {isa = PBXFileReference; lastKnownFileType = sourcecode.swift; path = EditFavoriteSheet.swift; sourceTree = "<group>"; };
		4F1C4D658809917DA8BB43FE /* FinishedView.swift */ = {isa = PBXFileReference; lastKnownFileType = sourcecode.swift; path = FinishedView.swift; sourceTree = "<group>"; };
		630F1B17C93A4FE2C0AE42C1 /* SupabaseManager.swift */ = {isa = PBXFileReference; lastKnownFileType = sourcecode.swift; path = SupabaseManager.swift; sourceTree = "<group>"; };
		6ADEC4387A2F773F7CE7CF93 /* Localizable.xcstrings */ = {isa = PBXFileReference; lastKnownFileType = text.json.xcstrings; path = Localizable.xcstrings; sourceTree = "<group>"; };
		6BD66B41188A3EF174B0FE26 /* AccountView.swift */ = {isa = PBXFileReference; lastKnownFileType = sourcecode.swift; path = AccountView.swift; sourceTree = "<group>"; };
		6C1F9B23CD262E3AA571DFA3 /* AppTheme.swift */ = {isa = PBXFileReference; lastKnownFileType = sourcecode.swift; path = AppTheme.swift; sourceTree = "<group>"; };
		6D17CAC99CC1365F5E439C3B /* Workout.swift */ = {isa = PBXFileReference; lastKnownFileType = sourcecode.swift; path = Workout.swift; sourceTree = "<group>"; };
		752CBD28BA7940D2A9E78619 /* Assets.xcassets */ = {isa = PBXFileReference; lastKnownFileType = folder.assetcatalog; path = Assets.xcassets; sourceTree = "<group>"; };
		762BE01CD01ECDE5E46E316A /* WorkoutEntityTests.swift */ = {isa = PBXFileReference; lastKnownFileType = sourcecode.swift; path = WorkoutEntityTests.swift; sourceTree = "<group>"; };
		79312A06FD2B5DA77F02D15C /* WorkoutCue.swift */ = {isa = PBXFileReference; lastKnownFileType = sourcecode.swift; path = WorkoutCue.swift; sourceTree = "<group>"; };
		8218FC86DDA8DCF1BC38E8B4 /* Interval Tests.xctest */ = {isa = PBXFileReference; includeInIndex = 0; lastKnownFileType = wrapper.cfbundle; path = "Interval Tests.xctest"; sourceTree = BUILT_PRODUCTS_DIR; };
		894D722520640ABAF7A49AFE /* Info.plist */ = {isa = PBXFileReference; lastKnownFileType = text.plist; path = Info.plist; sourceTree = "<group>"; };
		8E4363701EB821FE16CB42FD /* cue_work_start.m4a */ = {isa = PBXFileReference; path = cue_work_start.m4a; sourceTree = "<group>"; };
		8F97E3FDA7C410ACA3CFA233 /* WorkoutKitExporter.swift */ = {isa = PBXFileReference; lastKnownFileType = sourcecode.swift; path = WorkoutKitExporter.swift; sourceTree = "<group>"; };
		9412B1D4C851C5D80C7A0935 /* cue_rest_start.m4a */ = {isa = PBXFileReference; path = cue_rest_start.m4a; sourceTree = "<group>"; };
		9A48AAE003A49BEC7F055FBD /* WorkoutTests.swift */ = {isa = PBXFileReference; lastKnownFileType = sourcecode.swift; path = WorkoutTests.swift; sourceTree = "<group>"; };
		9AD7DF82FA70DA3AA759E5B0 /* TimerEngineTests.swift */ = {isa = PBXFileReference; lastKnownFileType = sourcecode.swift; path = TimerEngineTests.swift; sourceTree = "<group>"; };
		A52F27DC32B9E638CB334A5C /* AdjustWorkoutSheet.swift */ = {isa = PBXFileReference; lastKnownFileType = sourcecode.swift; path = AdjustWorkoutSheet.swift; sourceTree = "<group>"; };
		A7E721CDE6987C51F7096673 /* AppIcon.icon */ = {isa = PBXFileReference; lastKnownFileType = wrapper.icon; path = AppIcon.icon; sourceTree = "<group>"; };
		AB162193643A9BFB2BE0334B /* AppearanceMode.swift */ = {isa = PBXFileReference; lastKnownFileType = sourcecode.swift; path = AppearanceMode.swift; sourceTree = "<group>"; };
		AEDA0F81E81B45020A357FBD /* HomeView.swift */ = {isa = PBXFileReference; lastKnownFileType = sourcecode.swift; path = HomeView.swift; sourceTree = "<group>"; };
		AF6A0AED6FE6297B73609E37 /* Interval_Code_Review_Suggesties.docx */ = {isa = PBXFileReference; path = Interval_Code_Review_Suggesties.docx; sourceTree = "<group>"; };
		B2269A9F41C7F32A2D64FF7F /* ValuePickerRow.swift */ = {isa = PBXFileReference; lastKnownFileType = sourcecode.swift; path = ValuePickerRow.swift; sourceTree = "<group>"; };
		B3DCD77BC06549D346CD3192 /* WorkoutKitExporterTests.swift */ = {isa = PBXFileReference; lastKnownFileType = sourcecode.swift; path = WorkoutKitExporterTests.swift; sourceTree = "<group>"; };
		B70D98A377327CD916FA247F /* WorkoutEntity.swift */ = {isa = PBXFileReference; lastKnownFileType = sourcecode.swift; path = WorkoutEntity.swift; sourceTree = "<group>"; };
		BCC9F44ABA19DB024C2ED3C4 /* PhaseTheme.swift */ = {isa = PBXFileReference; lastKnownFileType = sourcecode.swift; path = PhaseTheme.swift; sourceTree = "<group>"; };
		BD3D41736EAB07FECF76C1BF /* VoicePlayer.swift */ = {isa = PBXFileReference; lastKnownFileType = sourcecode.swift; path = VoicePlayer.swift; sourceTree = "<group>"; };
		C3E255E2AE663617BBC9B3B3 /* InlineTimeWheel.swift */ = {isa = PBXFileReference; lastKnownFileType = sourcecode.swift; path = InlineTimeWheel.swift; sourceTree = "<group>"; };
		C6AEA91642F0A398A4EB7D00 /* AppearanceSettings.swift */ = {isa = PBXFileReference; lastKnownFileType = sourcecode.swift; path = AppearanceSettings.swift; sourceTree = "<group>"; };
		C770D91112015590176AD500 /* SupabaseConfig.swift */ = {isa = PBXFileReference; lastKnownFileType = sourcecode.swift; path = SupabaseConfig.swift; sourceTree = "<group>"; };
		CCAC9CBB58041E238233C2F7 /* CueOrchestrator.swift */ = {isa = PBXFileReference; lastKnownFileType = sourcecode.swift; path = CueOrchestrator.swift; sourceTree = "<group>"; };
		D330ACAC92E7B25B4BFFBA66 /* cue_halfway.m4a */ = {isa = PBXFileReference; path = cue_halfway.m4a; sourceTree = "<group>"; };
		D79914C53DC97701222B5276 /* README.md */ = {isa = PBXFileReference; lastKnownFileType = net.daringfireball.markdown; path = README.md; sourceTree = "<group>"; };
		D9D6B050B53CDF4B90D65EFA /* CueChannel.swift */ = {isa = PBXFileReference; lastKnownFileType = sourcecode.swift; path = CueChannel.swift; sourceTree = "<group>"; };
		DF82343DE0FE4779BD8C0FCF /* InlineRoundsWheel.swift */ = {isa = PBXFileReference; lastKnownFileType = sourcecode.swift; path = InlineRoundsWheel.swift; sourceTree = "<group>"; };
		EB7BD5634C8402C1ABF4B37A /* PaywallView.swift */ = {isa = PBXFileReference; lastKnownFileType = sourcecode.swift; path = PaywallView.swift; sourceTree = "<group>"; };
		F04ACBDFD5742004091AA41A /* CountdownView.swift */ = {isa = PBXFileReference; lastKnownFileType = sourcecode.swift; path = CountdownView.swift; sourceTree = "<group>"; };
		F0C4AA02FDBC3B439ECDF4A1 /* IntervalsListView.swift */ = {isa = PBXFileReference; lastKnownFileType = sourcecode.swift; path = IntervalsListView.swift; sourceTree = "<group>"; };
		FA872CAAF20AE75EEB750861 /* cue_three.m4a */ = {isa = PBXFileReference; path = cue_three.m4a; sourceTree = "<group>"; };
		FCD3F4561E94446094B91039 /* AppleUser.swift */ = {isa = PBXFileReference; lastKnownFileType = sourcecode.swift; path = AppleUser.swift; sourceTree = "<group>"; };
		FE3DE938619A510CC2D0D40D /* HapticPlayer.swift */ = {isa = PBXFileReference; lastKnownFileType = sourcecode.swift; path = HapticPlayer.swift; sourceTree = "<group>"; };
		FF6A22F58EEA679E1F5A873B /* OnboardingView.swift */ = {isa = PBXFileReference; lastKnownFileType = sourcecode.swift; path = OnboardingView.swift; sourceTree = "<group>"; };
/* End PBXFileReference section */

/* Begin PBXFrameworksBuildPhase section */
		46E0F6E57EF728DE2A088705 /* Frameworks */ = {
			isa = PBXFrameworksBuildPhase;
			buildActionMask = 2147483647;
			files = (
				AD9FF9D3F721C373F943757C /* Supabase in Frameworks */,
			);
			runOnlyForDeploymentPostprocessing = 0;
		};
/* End PBXFrameworksBuildPhase section */

/* Begin PBXGroup section */
		02B84D97BCFDC020E2C81BF4 /* Models */ = {
			isa = PBXGroup;
			children = (
				0A53A3D76A9ED6642E97AD13 /* Duration+Formatting.swift */,
				6D17CAC99CC1365F5E439C3B /* Workout.swift */,
				B70D98A377327CD916FA247F /* WorkoutEntity.swift */,
				08FD082A7D73BCFEB6463462 /* WorkoutStore.swift */,
			);
			path = Models;
			sourceTree = "<group>";
		};
		0AB9EB9213C70BACA1D217A5 /* Audio */ = {
			isa = PBXGroup;
			children = (
				309BCDCFE4C3ABB75C7662A7 /* AudioSessionController.swift */,
				077367B716363649E4BD9969 /* AudioSettings.swift */,
				D9D6B050B53CDF4B90D65EFA /* CueChannel.swift */,
				CCAC9CBB58041E238233C2F7 /* CueOrchestrator.swift */,
				FE3DE938619A510CC2D0D40D /* HapticPlayer.swift */,
				BD3D41736EAB07FECF76C1BF /* VoicePlayer.swift */,
				79312A06FD2B5DA77F02D15C /* WorkoutCue.swift */,
			);
			path = Audio;
			sourceTree = "<group>";
		};
		0AFC48934FD16E832A56DDA7 /* Products */ = {
			isa = PBXGroup;
			children = (
				8218FC86DDA8DCF1BC38E8B4 /* Interval Tests.xctest */,
				39EC42A9DAE0FE6D798C774B /* Interval.app */,
			);
			name = Products;
			sourceTree = "<group>";
		};
		0D3CAABA8630D2EDD7C237BE /* Supabase */ = {
			isa = PBXGroup;
			children = (
				21F88EFFEA060C13F32717A3 /* schema.sql */,
				C770D91112015590176AD500 /* SupabaseConfig.swift */,
				630F1B17C93A4FE2C0AE42C1 /* SupabaseManager.swift */,
			);
			path = Supabase;
			sourceTree = "<group>";
		};
		270852048698135CE19AE4D1 /* Screens */ = {
			isa = PBXGroup;
			children = (
				A752E1BBE3C903233335C6EC /* Account */,
				45DBF3DB6B0B267B0F53F73D /* Active */,
				B46EB641809DEAF50279372C /* Favorites */,
				F4F3EA1E114A3B1EC7E4A0C4 /* Home */,
				48D7C63BA8D39FD35ADEC77A /* Onboarding */,
				5440092117B909051A059B51 /* Paywall */,
			);
			path = Screens;
			sourceTree = "<group>";
		};
		2BB213D62CDBDE5901A2B912 /* Theme */ = {
			isa = PBXGroup;
			children = (
				27E391BD054CABD189B28253 /* Animations.swift */,
				AB162193643A9BFB2BE0334B /* AppearanceMode.swift */,
				C6AEA91642F0A398A4EB7D00 /* AppearanceSettings.swift */,
				6C1F9B23CD262E3AA571DFA3 /* AppTheme.swift */,
				BCC9F44ABA19DB024C2ED3C4 /* PhaseTheme.swift */,
			);
			path = Theme;
			sourceTree = "<group>";
		};
		3355AC8C8262D65ECE060177 /* Navigation */ = {
			isa = PBXGroup;
			children = (
				340DF40FC80AB7159E3BD955 /* RootTabView.swift */,
			);
			path = Navigation;
			sourceTree = "<group>";
		};
		3BCBF34B35A6E1A7440DFBC6 /* Store */ = {
			isa = PBXGroup;
			children = (
				38B2732F524AC28B0DF213EF /* StoreManager.swift */,
			);
			path = Store;
			sourceTree = "<group>";
		};
		45DBF3DB6B0B267B0F53F73D /* Active */ = {
			isa = PBXGroup;
			children = (
				2E7D56FB5A059FFB88274D17 /* ActiveTrainingView.swift */,
				A52F27DC32B9E638CB334A5C /* AdjustWorkoutSheet.swift */,
				F04ACBDFD5742004091AA41A /* CountdownView.swift */,
				4F1C4D658809917DA8BB43FE /* FinishedView.swift */,
				253D44E3730E3157A24BD377 /* TimerEngine.swift */,
			);
			path = Active;
			sourceTree = "<group>";
		};
		48D7C63BA8D39FD35ADEC77A /* Onboarding */ = {
			isa = PBXGroup;
			children = (
				FF6A22F58EEA679E1F5A873B /* OnboardingView.swift */,
			);
			path = Onboarding;
			sourceTree = "<group>";
		};
		5440092117B909051A059B51 /* Paywall */ = {
			isa = PBXGroup;
			children = (
				EB7BD5634C8402C1ABF4B37A /* PaywallView.swift */,
			);
			path = Paywall;
			sourceTree = "<group>";
		};
		609FAFC04A66C32A38B35093 /* Auth */ = {
			isa = PBXGroup;
			children = (
				FCD3F4561E94446094B91039 /* AppleUser.swift */,
				36ED121655D524E7B42234E1 /* AuthManager.swift */,
			);
			path = Auth;
			sourceTree = "<group>";
		};
		9C660DC072C26FC47F78EA0F /* Audio */ = {
			isa = PBXGroup;
			children = (
				1CC1D7F13391A8F6AD0434CB /* cue_finished.m4a */,
				D330ACAC92E7B25B4BFFBA66 /* cue_halfway.m4a */,
				395E745EF3391198F9488107 /* cue_last_round.m4a */,
				47BF0E670CCAABCA9D00B206 /* cue_one.m4a */,
				9412B1D4C851C5D80C7A0935 /* cue_rest_start.m4a */,
				FA872CAAF20AE75EEB750861 /* cue_three.m4a */,
				16907791187C04BD9E65A3AD /* cue_two.m4a */,
				8E4363701EB821FE16CB42FD /* cue_work_start.m4a */,
				D79914C53DC97701222B5276 /* README.md */,
			);
			path = Audio;
			sourceTree = "<group>";
		};
		A752E1BBE3C903233335C6EC /* Account */ = {
			isa = PBXGroup;
			children = (
				6BD66B41188A3EF174B0FE26 /* AccountView.swift */,
			);
			path = Account;
			sourceTree = "<group>";
		};
		B46EB641809DEAF50279372C /* Favorites */ = {
			isa = PBXGroup;
			children = (
				4E4F5ED806812400497CD360 /* EditFavoriteSheet.swift */,
				3F927546BF320A870A2E0FAF /* FavoriteRowView.swift */,
				337E93E69B930FB1E7434796 /* FavoritesView.swift */,
			);
			path = Favorites;
			sourceTree = "<group>";
		};
		B71A6B2DC2377059E46AD878 = {
			isa = PBXGroup;
			children = (
				F3DE7B94786916EC7FDD2380 /* Interval */,
				C1AF0C0EB4C5431AC06143FD /* Interval Tests */,
				0AFC48934FD16E832A56DDA7 /* Products */,
			);
			sourceTree = "<group>";
		};
		C1AF0C0EB4C5431AC06143FD /* Interval Tests */ = {
			isa = PBXGroup;
			children = (
				9AD7DF82FA70DA3AA759E5B0 /* TimerEngineTests.swift */,
				762BE01CD01ECDE5E46E316A /* WorkoutEntityTests.swift */,
				B3DCD77BC06549D346CD3192 /* WorkoutKitExporterTests.swift */,
				9A48AAE003A49BEC7F055FBD /* WorkoutTests.swift */,
			);
			path = "Interval Tests";
			sourceTree = "<group>";
		};
		D1A6757446186042D08332E1 /* WorkoutKit */ = {
			isa = PBXGroup;
			children = (
				8F97E3FDA7C410ACA3CFA233 /* WorkoutKitExporter.swift */,
			);
			path = WorkoutKit;
			sourceTree = "<group>";
		};
		E5A5A9E271AAEB68D835863C /* Resources */ = {
			isa = PBXGroup;
			children = (
				9C660DC072C26FC47F78EA0F /* Audio */,
			);
			path = Resources;
			sourceTree = "<group>";
		};
		F3DE7B94786916EC7FDD2380 /* Interval */ = {
			isa = PBXGroup;
			children = (
				A7E721CDE6987C51F7096673 /* AppIcon.icon */,
				752CBD28BA7940D2A9E78619 /* Assets.xcassets */,
				894D722520640ABAF7A49AFE /* Info.plist */,
				AF6A0AED6FE6297B73609E37 /* Interval_Code_Review_Suggesties.docx */,
				421E432D7C045551351A8DA1 /* Interval.entitlements */,
				22375E0B93D4243973835DA0 /* IntervalApp.swift */,
				6ADEC4387A2F773F7CE7CF93 /* Localizable.xcstrings */,
				48BA21074E6F04D4B2AA20BF /* PrivacyInfo.xcprivacy */,
				0AB9EB9213C70BACA1D217A5 /* Audio */,
				609FAFC04A66C32A38B35093 /* Auth */,
				0A042FBC3C1F6F18811CC8C5 /* LaunchScreen.storyboard */,
				02B84D97BCFDC020E2C81BF4 /* Models */,
				3355AC8C8262D65ECE060177 /* Navigation */,
				E5A5A9E271AAEB68D835863C /* Resources */,
				270852048698135CE19AE4D1 /* Screens */,
				3BCBF34B35A6E1A7440DFBC6 /* Store */,
				0D3CAABA8630D2EDD7C237BE /* Supabase */,
				2BB213D62CDBDE5901A2B912 /* Theme */,
				D1A6757446186042D08332E1 /* WorkoutKit */,
			);
			path = Interval;
			sourceTree = "<group>";
		};
		F4F3EA1E114A3B1EC7E4A0C4 /* Home */ = {
			isa = PBXGroup;
			children = (
				AEDA0F81E81B45020A357FBD /* HomeView.swift */,
				DF82343DE0FE4779BD8C0FCF /* InlineRoundsWheel.swift */,
				C3E255E2AE663617BBC9B3B3 /* InlineTimeWheel.swift */,
				F0C4AA02FDBC3B439ECDF4A1 /* IntervalsListView.swift */,
				223B59BDE97FBE39779F5AA2 /* SaveFavoriteSheet.swift */,
				B2269A9F41C7F32A2D64FF7F /* ValuePickerRow.swift */,
			);
			path = Home;
			sourceTree = "<group>";
		};
/* End PBXGroup section */

/* Begin PBXNativeTarget section */
		06EF7A6AFED6A8783BF3E747 /* Interval */ = {
			isa = PBXNativeTarget;
			buildConfigurationList = 2CBE9FA73BD71318F4E3696A /* Build configuration list for PBXNativeTarget "Interval" */;
			buildPhases = (
				B52CC51B5744B300CA958CDD /* Sources */,
				BAFBBF76508F8760686D16C4 /* Resources */,
				46E0F6E57EF728DE2A088705 /* Frameworks */,
			);
			buildRules = (
			);
			dependencies = (
			);
			name = Interval;
			packageProductDependencies = (
				47A3B93421184EFB24DED71D /* Supabase */,
			);
			productName = Interval;
			productReference = 39EC42A9DAE0FE6D798C774B /* Interval.app */;
			productType = "com.apple.product-type.application";
		};
		2EFE02810F71E55BF14D2999 /* Interval Tests */ = {
			isa = PBXNativeTarget;
			buildConfigurationList = BF240AA7BBE4A1F3EF6CB073 /* Build configuration list for PBXNativeTarget "Interval Tests" */;
			buildPhases = (
				5F66F9024E007C7CF3223BE9 /* Sources */,
			);
			buildRules = (
			);
			dependencies = (
				FEB0D15E3A43704F7CFE5ADE /* PBXTargetDependency */,
			);
			name = "Interval Tests";
			packageProductDependencies = (
			);
			productName = "Interval Tests";
			productReference = 8218FC86DDA8DCF1BC38E8B4 /* Interval Tests.xctest */;
			productType = "com.apple.product-type.bundle.unit-test";
		};
/* End PBXNativeTarget section */

/* Begin PBXProject section */
		4E088F146A55CD94FB91988F /* Project object */ = {
			isa = PBXProject;
			attributes = {
				BuildIndependentTargetsInParallel = YES;
				LastUpgradeCheck = 1430;
				TargetAttributes = {
					06EF7A6AFED6A8783BF3E747 = {
						DevelopmentTeam = VB6FS3N78T;
					};
					2EFE02810F71E55BF14D2999 = {
						DevelopmentTeam = VB6FS3N78T;
					};
				};
			};
			buildConfigurationList = 3F1C8889FAD413B8CE70AA5E /* Build configuration list for PBXProject "Interval" */;
			developmentRegion = nl;
			hasScannedForEncodings = 0;
			knownRegions = (
				Base,
				en,
				fr,
				nl,
			);
			mainGroup = B71A6B2DC2377059E46AD878;
			minimizedProjectReferenceProxies = 1;
			packageReferences = (
				603AAAC90EAA9096F6DEABA8 /* XCRemoteSwiftPackageReference "supabase-swift" */,
			);
			preferredProjectObjectVersion = 77;
			productRefGroup = 0AFC48934FD16E832A56DDA7 /* Products */;
			projectDirPath = "";
			projectRoot = "";
			targets = (
				06EF7A6AFED6A8783BF3E747 /* Interval */,
				2EFE02810F71E55BF14D2999 /* Interval Tests */,
			);
		};
/* End PBXProject section */

/* Begin PBXResourcesBuildPhase section */
		BAFBBF76508F8760686D16C4 /* Resources */ = {
			isa = PBXResourcesBuildPhase;
			buildActionMask = 2147483647;
			files = (
				94890843D472453C072BC823 /* AppIcon.icon in Resources */,
				D3E4164D1B3F640A2E13EFEF /* Assets.xcassets in Resources */,
				C2F1C88D91DD39A599D6ACA6 /* Interval_Code_Review_Suggesties.docx in Resources */,
				F1E8FB7F678557B2119A9732 /* LaunchScreen.storyboard in Resources */,
				796247EAC60337015D475372 /* Localizable.xcstrings in Resources */,
				01E5B77F455DB1B464AB1EA9 /* PrivacyInfo.xcprivacy in Resources */,
				7F8ED9D7DCD2D09A6418DA93 /* README.md in Resources */,
				0E5734CC01E97443A4EB4F50 /* cue_finished.m4a in Resources */,
				E5536EF613B4821AA025F294 /* cue_halfway.m4a in Resources */,
				F4DDDB5A4646F51334AA3919 /* cue_last_round.m4a in Resources */,
				4DB6BF6D8538A6863FFCC1C8 /* cue_one.m4a in Resources */,
				EC2154BE159F6AD88E03CA84 /* cue_rest_start.m4a in Resources */,
				BEDAC95127D6EC48F2EAA585 /* cue_three.m4a in Resources */,
				FFA04C325A5A53BFAB479E7D /* cue_two.m4a in Resources */,
				DEDFCFAA251D16E8AF213601 /* cue_work_start.m4a in Resources */,
				32511EADB07453671B36962E /* schema.sql in Resources */,
			);
			runOnlyForDeploymentPostprocessing = 0;
		};
/* End PBXResourcesBuildPhase section */

/* Begin PBXSourcesBuildPhase section */
		5F66F9024E007C7CF3223BE9 /* Sources */ = {
			isa = PBXSourcesBuildPhase;
			buildActionMask = 2147483647;
			files = (
				6C7A174FBC4CA89050033316 /* TimerEngineTests.swift in Sources */,
				2B44DC2528483AE769AAE835 /* WorkoutEntityTests.swift in Sources */,
				098F31B7D4359E950343EF4B /* WorkoutKitExporterTests.swift in Sources */,
				23EA2F8BE738C5D1CD50D480 /* WorkoutTests.swift in Sources */,
			);
			runOnlyForDeploymentPostprocessing = 0;
		};
		B52CC51B5744B300CA958CDD /* Sources */ = {
			isa = PBXSourcesBuildPhase;
			buildActionMask = 2147483647;
			files = (
				AEF3393A45AE693A11E344DF /* AccountView.swift in Sources */,
				3FA77427025764AE342A04E9 /* ActiveTrainingView.swift in Sources */,
				4A059695B4F24379D49C58AF /* AdjustWorkoutSheet.swift in Sources */,
				7C752F6B44D2084DF0E59D2B /* Animations.swift in Sources */,
				7CEFFBBDABF57ECE4BA379D0 /* AppTheme.swift in Sources */,
				0B138210CB8024340185A71F /* AppearanceMode.swift in Sources */,
				D044EE26AAF639CAD31B238F /* AppearanceSettings.swift in Sources */,
				CABB7A7520878E16AE34F61D /* AppleUser.swift in Sources */,
				5CD296F9BD95AE9E80300389 /* AudioSessionController.swift in Sources */,
				31FB69F8EC79C069D6A0B8A1 /* AudioSettings.swift in Sources */,
				C16185227FABF2DD3164F8A3 /* AuthManager.swift in Sources */,
				0E18786AA18120F6B809F881 /* CountdownView.swift in Sources */,
				40DD1B6CB83B6660231985AB /* CueChannel.swift in Sources */,
				E8F187B7EBDA5739F8EE3361 /* CueOrchestrator.swift in Sources */,
				797930F88CCB8F0A7DCCD03D /* Duration+Formatting.swift in Sources */,
				C1F767C558AF171048595FED /* EditFavoriteSheet.swift in Sources */,
				2A1A186929DDC424D1CA9B03 /* FavoriteRowView.swift in Sources */,
				8D57B0F11471078A35B637A8 /* FavoritesView.swift in Sources */,
				C3068D30DCE0F85FA71B00E4 /* FinishedView.swift in Sources */,
				DBCE5D8FCFAAF0C360134B4D /* HapticPlayer.swift in Sources */,
				A8FA32AFDEB3EDA39CD226A3 /* HomeView.swift in Sources */,
				D087275C8401EB68495CA1D7 /* InlineRoundsWheel.swift in Sources */,
				100DE654742905DFE40BC952 /* InlineTimeWheel.swift in Sources */,
				F4528B9623887042DEB3E7B8 /* IntervalApp.swift in Sources */,
				013F3885939818C4A078C379 /* IntervalsListView.swift in Sources */,
				7ED1B89A493D72EB0FB3715A /* OnboardingView.swift in Sources */,
				0EF44145ECD1576EE3703D55 /* PaywallView.swift in Sources */,
				252F78525F7279518C746F8B /* PhaseTheme.swift in Sources */,
				2E22D97DE7E2B52C50426B38 /* RootTabView.swift in Sources */,
				2F9E30B06F518E6FBB8F1382 /* SaveFavoriteSheet.swift in Sources */,
				69D7587916F07C93F6120A8E /* StoreManager.swift in Sources */,
				032592F5AB9B08FF571FA62B /* SupabaseConfig.swift in Sources */,
				C060049E06E42D585C26D872 /* SupabaseManager.swift in Sources */,
				AD70E2EB1850B89BEF4988DE /* TimerEngine.swift in Sources */,
				0B57AC28BC3F3BB089D8DE43 /* ValuePickerRow.swift in Sources */,
				09CA245DE56D3791B6A6E7D4 /* VoicePlayer.swift in Sources */,
				220038BC7C48E940333967E1 /* Workout.swift in Sources */,
				25EACECF67D676B4F8252531 /* WorkoutCue.swift in Sources */,
				DE34FE5432F0AF6F5EBE004A /* WorkoutEntity.swift in Sources */,
				76A6F14E29A1E2867E970B04 /* WorkoutKitExporter.swift in Sources */,
				EA4AD758CAE89A95978D989B /* WorkoutStore.swift in Sources */,
			);
			runOnlyForDeploymentPostprocessing = 0;
		};
/* End PBXSourcesBuildPhase section */

/* Begin PBXTargetDependency section */
		FEB0D15E3A43704F7CFE5ADE /* PBXTargetDependency */ = {
			isa = PBXTargetDependency;
			target = 06EF7A6AFED6A8783BF3E747 /* Interval */;
			targetProxy = 3F1CF63104CBBA4D4311EF9A /* PBXContainerItemProxy */;
		};
/* End PBXTargetDependency section */

/* Begin PBXVariantGroup section */
		0A042FBC3C1F6F18811CC8C5 /* LaunchScreen.storyboard */ = {
			isa = PBXVariantGroup;
			children = (
				19F89D398B5911544050C1AB /* Base */,
			);
			name = LaunchScreen.storyboard;
			sourceTree = "<group>";
		};
/* End PBXVariantGroup section */

/* Begin XCBuildConfiguration section */
		5298AFBC0BD8EB1B8433D3D3 /* Debug */ = {
			isa = XCBuildConfiguration;
			buildSettings = {
				BUNDLE_LOADER = "$(TEST_HOST)";
				GENERATE_INFOPLIST_FILE = YES;
				IPHONEOS_DEPLOYMENT_TARGET = 18.0;
				LD_RUNPATH_SEARCH_PATHS = (
					"$(inherited)",
					"@executable_path/Frameworks",
					"@loader_path/Frameworks",
				);
				PRODUCT_BUNDLE_IDENTIFIER = com.superapp.interval.tests;
				SDKROOT = iphoneos;
				TARGETED_DEVICE_FAMILY = "1,2";
				TEST_HOST = "$(BUILT_PRODUCTS_DIR)/Interval.app/Interval";
			};
			name = Debug;
		};
		56228030B91886A747B4D1A8 /* Debug */ = {
			isa = XCBuildConfiguration;
			buildSettings = {
				ALWAYS_SEARCH_USER_PATHS = NO;
				ASSETCATALOG_COMPILER_APPICON_NAME = AppIcon;
				CLANG_ANALYZER_NONNULL = YES;
				CLANG_ANALYZER_NUMBER_OBJECT_CONVERSION = YES_AGGRESSIVE;
				CLANG_CXX_LANGUAGE_STANDARD = "gnu++14";
				CLANG_CXX_LIBRARY = "libc++";
				CLANG_ENABLE_MODULES = YES;
				CLANG_ENABLE_OBJC_ARC = YES;
				CLANG_ENABLE_OBJC_WEAK = YES;
				CLANG_WARN_BLOCK_CAPTURE_AUTORELEASING = YES;
				CLANG_WARN_BOOL_CONVERSION = YES;
				CLANG_WARN_COMMA = YES;
				CLANG_WARN_CONSTANT_CONVERSION = YES;
				CLANG_WARN_DEPRECATED_OBJC_IMPLEMENTATIONS = YES;
				CLANG_WARN_DIRECT_OBJC_ISA_USAGE = YES_ERROR;
				CLANG_WARN_DOCUMENTATION_COMMENTS = YES;
				CLANG_WARN_EMPTY_BODY = YES;
				CLANG_WARN_ENUM_CONVERSION = YES;
				CLANG_WARN_INFINITE_RECURSION = YES;
				CLANG_WARN_INT_CONVERSION = YES;
				CLANG_WARN_NON_LITERAL_NULL_CONVERSION = YES;
				CLANG_WARN_OBJC_IMPLICIT_RETAIN_SELF = YES;
				CLANG_WARN_OBJC_LITERAL_CONVERSION = YES;
				CLANG_WARN_OBJC_ROOT_CLASS = YES_ERROR;
				CLANG_WARN_QUOTED_INCLUDE_IN_FRAMEWORK_HEADER = YES;
				CLANG_WARN_RANGE_LOOP_ANALYSIS = YES;
				CLANG_WARN_STRICT_PROTOTYPES = YES;
				CLANG_WARN_SUSPICIOUS_MOVE = YES;
				CLANG_WARN_UNGUARDED_AVAILABILITY = YES_AGGRESSIVE;
				CLANG_WARN_UNREACHABLE_CODE = YES;
				CLANG_WARN__DUPLICATE_METHOD_MATCH = YES;
				COPY_PHASE_STRIP = NO;
				CURRENT_PROJECT_VERSION = 6;
				DEBUG_INFORMATION_FORMAT = dwarf;
				DEVELOPMENT_TEAM = VB6FS3N78T;
				ENABLE_STRICT_OBJC_MSGSEND = YES;
				ENABLE_TESTABILITY = YES;
				GCC_C_LANGUAGE_STANDARD = gnu11;
				GCC_DYNAMIC_NO_PIC = NO;
				GCC_NO_COMMON_BLOCKS = YES;
				GCC_OPTIMIZATION_LEVEL = 0;
				GCC_PREPROCESSOR_DEFINITIONS = (
					"$(inherited)",
					"DEBUG=1",
				);
				GCC_WARN_64_TO_32_BIT_CONVERSION = YES;
				GCC_WARN_ABOUT_RETURN_TYPE = YES_ERROR;
				GCC_WARN_UNDECLARED_SELECTOR = YES;
				GCC_WARN_UNINITIALIZED_AUTOS = YES_AGGRESSIVE;
				GCC_WARN_UNUSED_FUNCTION = YES;
				GCC_WARN_UNUSED_VARIABLE = YES;
				LOCALIZATION_PREFERS_STRING_CATALOGS = YES;
				MARKETING_VERSION = 1.0;
				MTL_ENABLE_DEBUG_INFO = INCLUDE_SOURCE;
				MTL_FAST_MATH = YES;
				ONLY_ACTIVE_ARCH = YES;
				PRODUCT_NAME = "$(TARGET_NAME)";
				SDKROOT = iphoneos;
				SUPPORTED_PLATFORMS = "iphoneos iphonesimulator";
				SUPPORTS_MACCATALYST = NO;
				SWIFT_ACTIVE_COMPILATION_CONDITIONS = DEBUG;
				SWIFT_EMIT_LOC_STRINGS = YES;
				SWIFT_OPTIMIZATION_LEVEL = "-Onone";
				SWIFT_VERSION = 5.0;
				TARGETED_DEVICE_FAMILY = "1,2";
			};
			name = Debug;
		};
		862A9AFD0676E457FDFE3768 /* Release */ = {
			isa = XCBuildConfiguration;
			buildSettings = {
				ASSETCATALOG_COMPILER_APPICON_NAME = AppIcon;
				CODE_SIGN_ENTITLEMENTS = Interval/Interval.entitlements;
				CODE_SIGN_IDENTITY = "iPhone Developer";
				INFOPLIST_FILE = Interval/Info.plist;
				IPHONEOS_DEPLOYMENT_TARGET = 18.0;
				LD_RUNPATH_SEARCH_PATHS = (
					"$(inherited)",
					"@executable_path/Frameworks",
				);
				PRODUCT_BUNDLE_IDENTIFIER = com.superapp.interval;
				SDKROOT = iphoneos;
				TARGETED_DEVICE_FAMILY = "1,2";
			};
			name = Release;
		};
		8F2681E6B39CBF4E1D7FA42D /* Debug */ = {
			isa = XCBuildConfiguration;
			buildSettings = {
				ASSETCATALOG_COMPILER_APPICON_NAME = AppIcon;
				CODE_SIGN_ENTITLEMENTS = Interval/Interval.entitlements;
				CODE_SIGN_IDENTITY = "iPhone Developer";
				INFOPLIST_FILE = Interval/Info.plist;
				IPHONEOS_DEPLOYMENT_TARGET = 18.0;
				LD_RUNPATH_SEARCH_PATHS = (
					"$(inherited)",
					"@executable_path/Frameworks",
				);
				PRODUCT_BUNDLE_IDENTIFIER = com.superapp.interval;
				SDKROOT = iphoneos;
				TARGETED_DEVICE_FAMILY = "1,2";
			};
			name = Debug;
		};
		C54B4877C02015519ACF704B /* Release */ = {
			isa = XCBuildConfiguration;
			buildSettings = {
				ALWAYS_SEARCH_USER_PATHS = NO;
				ASSETCATALOG_COMPILER_APPICON_NAME = AppIcon;
				CLANG_ANALYZER_NONNULL = YES;
				CLANG_ANALYZER_NUMBER_OBJECT_CONVERSION = YES_AGGRESSIVE;
				CLANG_CXX_LANGUAGE_STANDARD = "gnu++14";
				CLANG_CXX_LIBRARY = "libc++";
				CLANG_ENABLE_MODULES = YES;
				CLANG_ENABLE_OBJC_ARC = YES;
				CLANG_ENABLE_OBJC_WEAK = YES;
				CLANG_WARN_BLOCK_CAPTURE_AUTORELEASING = YES;
				CLANG_WARN_BOOL_CONVERSION = YES;
				CLANG_WARN_COMMA = YES;
				CLANG_WARN_CONSTANT_CONVERSION = YES;
				CLANG_WARN_DEPRECATED_OBJC_IMPLEMENTATIONS = YES;
				CLANG_WARN_DIRECT_OBJC_ISA_USAGE = YES_ERROR;
				CLANG_WARN_DOCUMENTATION_COMMENTS = YES;
				CLANG_WARN_EMPTY_BODY = YES;
				CLANG_WARN_ENUM_CONVERSION = YES;
				CLANG_WARN_INFINITE_RECURSION = YES;
				CLANG_WARN_INT_CONVERSION = YES;
				CLANG_WARN_NON_LITERAL_NULL_CONVERSION = YES;
				CLANG_WARN_OBJC_IMPLICIT_RETAIN_SELF = YES;
				CLANG_WARN_OBJC_LITERAL_CONVERSION = YES;
				CLANG_WARN_OBJC_ROOT_CLASS = YES_ERROR;
				CLANG_WARN_QUOTED_INCLUDE_IN_FRAMEWORK_HEADER = YES;
				CLANG_WARN_RANGE_LOOP_ANALYSIS = YES;
				CLANG_WARN_STRICT_PROTOTYPES = YES;
				CLANG_WARN_SUSPICIOUS_MOVE = YES;
				CLANG_WARN_UNGUARDED_AVAILABILITY = YES_AGGRESSIVE;
				CLANG_WARN_UNREACHABLE_CODE = YES;
				CLANG_WARN__DUPLICATE_METHOD_MATCH = YES;
				COPY_PHASE_STRIP = NO;
				CURRENT_PROJECT_VERSION = 6;
				DEBUG_INFORMATION_FORMAT = "dwarf-with-dsym";
				DEVELOPMENT_TEAM = VB6FS3N78T;
				ENABLE_NS_ASSERTIONS = NO;
				ENABLE_STRICT_OBJC_MSGSEND = YES;
				GCC_C_LANGUAGE_STANDARD = gnu11;
				GCC_NO_COMMON_BLOCKS = YES;
				GCC_WARN_64_TO_32_BIT_CONVERSION = YES;
				GCC_WARN_ABOUT_RETURN_TYPE = YES_ERROR;
				GCC_WARN_UNDECLARED_SELECTOR = YES;
				GCC_WARN_UNINITIALIZED_AUTOS = YES_AGGRESSIVE;
				GCC_WARN_UNUSED_FUNCTION = YES;
				GCC_WARN_UNUSED_VARIABLE = YES;
				LOCALIZATION_PREFERS_STRING_CATALOGS = YES;
				MARKETING_VERSION = 1.0;
				MTL_ENABLE_DEBUG_INFO = NO;
				MTL_FAST_MATH = YES;
				PRODUCT_NAME = "$(TARGET_NAME)";
				SDKROOT = iphoneos;
				SUPPORTED_PLATFORMS = "iphoneos iphonesimulator";
				SUPPORTS_MACCATALYST = NO;
				SWIFT_COMPILATION_MODE = wholemodule;
				SWIFT_EMIT_LOC_STRINGS = YES;
				SWIFT_OPTIMIZATION_LEVEL = "-O";
				SWIFT_VERSION = 5.0;
				TARGETED_DEVICE_FAMILY = "1,2";
			};
			name = Release;
		};
		EEEBD73B6D37ED4C7EDA23D7 /* Release */ = {
			isa = XCBuildConfiguration;
			buildSettings = {
				BUNDLE_LOADER = "$(TEST_HOST)";
				GENERATE_INFOPLIST_FILE = YES;
				IPHONEOS_DEPLOYMENT_TARGET = 18.0;
				LD_RUNPATH_SEARCH_PATHS = (
					"$(inherited)",
					"@executable_path/Frameworks",
					"@loader_path/Frameworks",
				);
				PRODUCT_BUNDLE_IDENTIFIER = com.superapp.interval.tests;
				SDKROOT = iphoneos;
				TARGETED_DEVICE_FAMILY = "1,2";
				TEST_HOST = "$(BUILT_PRODUCTS_DIR)/Interval.app/Interval";
			};
			name = Release;
		};
/* End XCBuildConfiguration section */

/* Begin XCConfigurationList section */
		2CBE9FA73BD71318F4E3696A /* Build configuration list for PBXNativeTarget "Interval" */ = {
			isa = XCConfigurationList;
			buildConfigurations = (
				8F2681E6B39CBF4E1D7FA42D /* Debug */,
				862A9AFD0676E457FDFE3768 /* Release */,
			);
			defaultConfigurationIsVisible = 0;
			defaultConfigurationName = Debug;
		};
		3F1C8889FAD413B8CE70AA5E /* Build configuration list for PBXProject "Interval" */ = {
			isa = XCConfigurationList;
			buildConfigurations = (
				56228030B91886A747B4D1A8 /* Debug */,
				C54B4877C02015519ACF704B /* Release */,
			);
			defaultConfigurationIsVisible = 0;
			defaultConfigurationName = Debug;
		};
		BF240AA7BBE4A1F3EF6CB073 /* Build configuration list for PBXNativeTarget "Interval Tests" */ = {
			isa = XCConfigurationList;
			buildConfigurations = (
				5298AFBC0BD8EB1B8433D3D3 /* Debug */,
				EEEBD73B6D37ED4C7EDA23D7 /* Release */,
			);
			defaultConfigurationIsVisible = 0;
			defaultConfigurationName = Debug;
		};
/* End XCConfigurationList section */

/* Begin XCRemoteSwiftPackageReference section */
		603AAAC90EAA9096F6DEABA8 /* XCRemoteSwiftPackageReference "supabase-swift" */ = {
			isa = XCRemoteSwiftPackageReference;
			repositoryURL = "https://github.com/supabase/supabase-swift";
			requirement = {
				kind = upToNextMajorVersion;
				minimumVersion = 2.0.0;
			};
		};
/* End XCRemoteSwiftPackageReference section */

/* Begin XCSwiftPackageProductDependency section */
		47A3B93421184EFB24DED71D /* Supabase */ = {
			isa = XCSwiftPackageProductDependency;
			package = 603AAAC90EAA9096F6DEABA8 /* XCRemoteSwiftPackageReference "supabase-swift" */;
			productName = Supabase;
		};
/* End XCSwiftPackageProductDependency section */
	};
	rootObject = 4E088F146A55CD94FB91988F /* Project object */;
}
