// !$*UTF8*$!
{
	archiveVersion = 1;
	classes = {
	};
	objectVersion = 77;
	objects = {

/* Begin PBXBuildFile section */
		04678A75B08319A645E1F633 /* README.md in Resources */ = {isa = PBXBuildFile; fileRef = 9DA9A411DDAC91317A47E15E /* README.md */; };
		0AE515443A6E22ED5CD1752E /* RootTabView.swift in Sources */ = {isa = PBXBuildFile; fileRef = 20627C98A4C8D512E2BCDE3A /* RootTabView.swift */; };
		12055A87E593AE02F3C2E230 /* Interval Widget.appex in Embed Foundation Extensions */ = {isa = PBXBuildFile; fileRef = 70AA7CB88399234378115053 /* Interval Widget.appex */; settings = {ATTRIBUTES = (RemoveHeadersOnCopy, ); }; };
		12447468048A54255C35462A /* IntervalActivityAttributes.swift in Sources */ = {isa = PBXBuildFile; fileRef = FC807B88BF4535DDAA572FEE /* IntervalActivityAttributes.swift */; };
		1AA518B3BA6AA2A3AF447AA0 /* LiveActivityManager.swift in Sources */ = {isa = PBXBuildFile; fileRef = 55FBF50D0D81DB9623EC3296 /* LiveActivityManager.swift */; };
		1BD170AAA30B95284D7FC156 /* schema.sql in Resources */ = {isa = PBXBuildFile; fileRef = 66A6CDA41091D54124338210 /* schema.sql */; };
		1CC585E974EFA8ACA33756A6 /* TimerEngineTests.swift in Sources */ = {isa = PBXBuildFile; fileRef = EEF38F836176890F13921DA3 /* TimerEngineTests.swift */; };
		1E34CA30C96A2DAA9277BAF6 /* PrivacyInfo.xcprivacy in Resources */ = {isa = PBXBuildFile; fileRef = B1AB367F33E195113E625DE1 /* PrivacyInfo.xcprivacy */; };
		1FA5DD192AAED161D8C3C6F2 /* IntervalApp.swift in Sources */ = {isa = PBXBuildFile; fileRef = 1484355F434C44F806731F9B /* IntervalApp.swift */; };
		291C0C3EE0D5C89F18DDE75A /* Localizable.xcstrings in Resources */ = {isa = PBXBuildFile; fileRef = 07DE35D61F94F544C94B7E2F /* Localizable.xcstrings */; };
		2AAFB93F717994638933890A /* HomeView.swift in Sources */ = {isa = PBXBuildFile; fileRef = 3DC5F2596FE2F3A0C1606738 /* HomeView.swift */; };
		2AF864E11AD2D7D63AA96EBD /* LaunchScreen.storyboard in Resources */ = {isa = PBXBuildFile; fileRef = 0F0EDBF47A45F8BD7595D1BA /* LaunchScreen.storyboard */; };
		2B1A506AAEB329A5EACFC5AA /* AccountView.swift in Sources */ = {isa = PBXBuildFile; fileRef = 61A69C1F8DEA73FDE65ADF28 /* AccountView.swift */; };
		2B295A7950587A7B9F1AC8BF /* Animations.swift in Sources */ = {isa = PBXBuildFile; fileRef = 94A6B11C4072CB2A062858C5 /* Animations.swift */; };
		2C638EB2947FA20AACED8759 /* ValuePickerRow.swift in Sources */ = {isa = PBXBuildFile; fileRef = 0599F05B922A9CA51DEAA745 /* ValuePickerRow.swift */; };
		2F0A8BD61D614E0D71522CBE /* WorkoutKitExporterTests.swift in Sources */ = {isa = PBXBuildFile; fileRef = 17D72A6C17649F62F36B8AF5 /* WorkoutKitExporterTests.swift */; };
		35433B6F7C099D6AFAA8873F /* IntervalActivityAttributes.swift in Sources */ = {isa = PBXBuildFile; fileRef = FC807B88BF4535DDAA572FEE /* IntervalActivityAttributes.swift */; };
		38EEFC93325B4CBD37269E31 /* LockScreenView.swift in Sources */ = {isa = PBXBuildFile; fileRef = EF983C2F7F4D8E59A32C3B8F /* LockScreenView.swift */; };
		4082D7888CEEC94C641A15C0 /* WorkoutKitExporter.swift in Sources */ = {isa = PBXBuildFile; fileRef = 2B28FD10129B24EE41F8B2F4 /* WorkoutKitExporter.swift */; };
		429F0DB3FEA29EE41325583B /* OnboardingView.swift in Sources */ = {isa = PBXBuildFile; fileRef = 704F09BF332567EC9ADA8289 /* OnboardingView.swift */; };
		44133D2151A5848A5755C5FD /* AppTheme.swift in Sources */ = {isa = PBXBuildFile; fileRef = D4419A45F035E74D556B60F9 /* AppTheme.swift */; };
		47929C9AB9C74B46B506794E /* WorkoutStore.swift in Sources */ = {isa = PBXBuildFile; fileRef = FDE0D4319DE0D8E63AFE149E /* WorkoutStore.swift */; };
		4A4D11909F49850F3F9F71C2 /* AudioEngine.swift in Sources */ = {isa = PBXBuildFile; fileRef = C2A43E3B68219F6F83F8ED24 /* AudioEngine.swift */; };
		5B69F541E6DD4523D6131F24 /* WidgetBrand.swift in Sources */ = {isa = PBXBuildFile; fileRef = 2A96D5ADCDD0A4E13D4B5126 /* WidgetBrand.swift */; };
		64A1604F11E93F68743D821B /* FinishedView.swift in Sources */ = {isa = PBXBuildFile; fileRef = 61318F0E0B965A3A803B7F56 /* FinishedView.swift */; };
		6F0E8DB303459D483CFE1531 /* CountdownView.swift in Sources */ = {isa = PBXBuildFile; fileRef = 743D6B0A7D3ADB86B2ADD246 /* CountdownView.swift */; };
		7EAF8396FD6903D87A0F9E59 /* AudioSettings.swift in Sources */ = {isa = PBXBuildFile; fileRef = 31DEE8F83356E0556F83707C /* AudioSettings.swift */; };
		927B1586414370BEF5D84C29 /* FavoritesView.swift in Sources */ = {isa = PBXBuildFile; fileRef = 461C5F0E2E1C757153E6F46A /* FavoritesView.swift */; };
		98AFC9A4A1F855598D6D5FAD /* IntervalLiveActivity.swift in Sources */ = {isa = PBXBuildFile; fileRef = 55C1CE8AF0E29B686B47482E /* IntervalLiveActivity.swift */; };
		9B560898D3D242FC468383C5 /* WorkoutTests.swift in Sources */ = {isa = PBXBuildFile; fileRef = 042671CDF4FF83920C14A08F /* WorkoutTests.swift */; };
		A07905595BB0D233B12869E8 /* AuthManager.swift in Sources */ = {isa = PBXBuildFile; fileRef = BCA0056F71F6F39178E7598B /* AuthManager.swift */; };
		A3B457F9D874C1992D1FFAB1 /* Assets.xcassets in Resources */ = {isa = PBXBuildFile; fileRef = 085C6AF7C7A136B0B66D856B /* Assets.xcassets */; };
		A4DD6716BB8588A3EC0FFAD2 /* Workout.swift in Sources */ = {isa = PBXBuildFile; fileRef = 7E07EF02E4D97B31FEEC6EEA /* Workout.swift */; };
		A83B5D1BC680045134B926FC /* ActivityPhase+UI.swift in Sources */ = {isa = PBXBuildFile; fileRef = 72A450DABE1B59E806D41D3D /* ActivityPhase+UI.swift */; };
		ABACFBA651CF8E11DD06C335 /* ActiveTrainingView.swift in Sources */ = {isa = PBXBuildFile; fileRef = 84EA4FA00A621D7D0E5FE2ED /* ActiveTrainingView.swift */; };
		AD3AD2AA7D37FFBDAD532471 /* WorkoutEntityTests.swift in Sources */ = {isa = PBXBuildFile; fileRef = 8745C9D53DFC9BC29EEFD814 /* WorkoutEntityTests.swift */; };
		B13411C45D0F9280A8B0BEEC /* WorkoutEntity.swift in Sources */ = {isa = PBXBuildFile; fileRef = 42169C636F95173A8FAF7B27 /* WorkoutEntity.swift */; };
		B73CFB3DC97FE2B4C9CA57F9 /* InlineTimeWheel.swift in Sources */ = {isa = PBXBuildFile; fileRef = F1D23B0DAC25EC0787897AF5 /* InlineTimeWheel.swift */; };
		B7C7F435EFF180F663765826 /* SupabaseManager.swift in Sources */ = {isa = PBXBuildFile; fileRef = 83BBF417A11F9E0E1675E6DD /* SupabaseManager.swift */; };
		C49601EC34E9E42C408A3835 /* IntervalWidgetBundle.swift in Sources */ = {isa = PBXBuildFile; fileRef = 447664BAAB78608659C2D094 /* IntervalWidgetBundle.swift */; };
		D1B95E7ED1E8E607FFAEFB56 /* ActivityPhase.swift in Sources */ = {isa = PBXBuildFile; fileRef = E348B289D1B87DDA39D0AEFB /* ActivityPhase.swift */; };
		DA9FD87FB8F37F31B3A77E64 /* SaveFavoriteSheet.swift in Sources */ = {isa = PBXBuildFile; fileRef = B24BB45715541464AD162385 /* SaveFavoriteSheet.swift */; };
		DB53AED0D32F52EC2202DEF1 /* SupabaseConfig.swift in Sources */ = {isa = PBXBuildFile; fileRef = 72031F1E7D3A722E75F130B3 /* SupabaseConfig.swift */; };
		DE433687F5F89830CD5D8476 /* Supabase in Frameworks */ = {isa = PBXBuildFile; productRef = CB437C5FD64AA075E0E6F7B3 /* Supabase */; };
		E5D27C9CBABC078F59698503 /* InlineRoundsWheel.swift in Sources */ = {isa = PBXBuildFile; fileRef = 4462E6903E287743021CE370 /* InlineRoundsWheel.swift */; };
		EA9ED321DBED5A896DC20300 /* TimerEngine.swift in Sources */ = {isa = PBXBuildFile; fileRef = 2AE96B872CFACAB6C070AE62 /* TimerEngine.swift */; };
		EF27DCA18A5F294A7B4746DF /* ActivityPhase.swift in Sources */ = {isa = PBXBuildFile; fileRef = E348B289D1B87DDA39D0AEFB /* ActivityPhase.swift */; };
		FAF744945469F826A06572D5 /* PrivacyInfo.xcprivacy in Resources */ = {isa = PBXBuildFile; fileRef = 6D450BC57768A77F4C729966 /* PrivacyInfo.xcprivacy */; };
/* End PBXBuildFile section */

/* Begin PBXContainerItemProxy section */
		C2049774BBBE5D9CA29F13AC /* PBXContainerItemProxy */ = {
			isa = PBXContainerItemProxy;
			containerPortal = E9B280FDCB3D7FB821C692BE /* Project object */;
			proxyType = 1;
			remoteGlobalIDString = FBF5E7D5C8B5BD2B19E1D57E;
			remoteInfo = "Interval v1";
		};
		E00F353ABF5F1699C06F4219 /* PBXContainerItemProxy */ = {
			isa = PBXContainerItemProxy;
			containerPortal = E9B280FDCB3D7FB821C692BE /* Project object */;
			proxyType = 1;
			remoteGlobalIDString = DC999040F21647EED41DE032;
			remoteInfo = "Interval Widget";
		};
/* End PBXContainerItemProxy section */

/* Begin PBXCopyFilesBuildPhase section */
		F4A2CE52AF30CC08FF822C4E /* Embed Foundation Extensions */ = {
			isa = PBXCopyFilesBuildPhase;
			buildActionMask = 2147483647;
			dstPath = "";
			dstSubfolderSpec = 13;
			files = (
				12055A87E593AE02F3C2E230 /* Interval Widget.appex in Embed Foundation Extensions */,
			);
			name = "Embed Foundation Extensions";
			runOnlyForDeploymentPostprocessing = 0;
		};
/* End PBXCopyFilesBuildPhase section */

/* Begin PBXFileReference section */
		042671CDF4FF83920C14A08F /* WorkoutTests.swift */ = {isa = PBXFileReference; lastKnownFileType = sourcecode.swift; path = WorkoutTests.swift; sourceTree = "<group>"; };
		0599F05B922A9CA51DEAA745 /* ValuePickerRow.swift */ = {isa = PBXFileReference; lastKnownFileType = sourcecode.swift; path = ValuePickerRow.swift; sourceTree = "<group>"; };
		07DE35D61F94F544C94B7E2F /* Localizable.xcstrings */ = {isa = PBXFileReference; lastKnownFileType = text.json.xcstrings; path = Localizable.xcstrings; sourceTree = "<group>"; };
		085C6AF7C7A136B0B66D856B /* Assets.xcassets */ = {isa = PBXFileReference; lastKnownFileType = folder.assetcatalog; path = Assets.xcassets; sourceTree = "<group>"; };
		1484355F434C44F806731F9B /* IntervalApp.swift */ = {isa = PBXFileReference; lastKnownFileType = sourcecode.swift; path = IntervalApp.swift; sourceTree = "<group>"; };
		17D72A6C17649F62F36B8AF5 /* WorkoutKitExporterTests.swift */ = {isa = PBXFileReference; lastKnownFileType = sourcecode.swift; path = WorkoutKitExporterTests.swift; sourceTree = "<group>"; };
		20627C98A4C8D512E2BCDE3A /* RootTabView.swift */ = {isa = PBXFileReference; lastKnownFileType = sourcecode.swift; path = RootTabView.swift; sourceTree = "<group>"; };
		2A96D5ADCDD0A4E13D4B5126 /* WidgetBrand.swift */ = {isa = PBXFileReference; lastKnownFileType = sourcecode.swift; path = WidgetBrand.swift; sourceTree = "<group>"; };
		2AE96B872CFACAB6C070AE62 /* TimerEngine.swift */ = {isa = PBXFileReference; lastKnownFileType = sourcecode.swift; path = TimerEngine.swift; sourceTree = "<group>"; };
		2B28FD10129B24EE41F8B2F4 /* WorkoutKitExporter.swift */ = {isa = PBXFileReference; lastKnownFileType = sourcecode.swift; path = WorkoutKitExporter.swift; sourceTree = "<group>"; };
		31DEE8F83356E0556F83707C /* AudioSettings.swift */ = {isa = PBXFileReference; lastKnownFileType = sourcecode.swift; path = AudioSettings.swift; sourceTree = "<group>"; };
		3BEB990625E39ABBC05414DE /* Info.plist */ = {isa = PBXFileReference; lastKnownFileType = text.plist; path = Info.plist; sourceTree = "<group>"; };
		3DC5F2596FE2F3A0C1606738 /* HomeView.swift */ = {isa = PBXFileReference; lastKnownFileType = sourcecode.swift; path = HomeView.swift; sourceTree = "<group>"; };
		42169C636F95173A8FAF7B27 /* WorkoutEntity.swift */ = {isa = PBXFileReference; lastKnownFileType = sourcecode.swift; path = WorkoutEntity.swift; sourceTree = "<group>"; };
		44543D7DFF399DB634544935 /* Base */ = {isa = PBXFileReference; lastKnownFileType = file.storyboard; name = Base; path = Base.lproj/LaunchScreen.storyboard; sourceTree = "<group>"; };
		4462E6903E287743021CE370 /* InlineRoundsWheel.swift */ = {isa = PBXFileReference; lastKnownFileType = sourcecode.swift; path = InlineRoundsWheel.swift; sourceTree = "<group>"; };
		447664BAAB78608659C2D094 /* IntervalWidgetBundle.swift */ = {isa = PBXFileReference; lastKnownFileType = sourcecode.swift; path = IntervalWidgetBundle.swift; sourceTree = "<group>"; };
		461C5F0E2E1C757153E6F46A /* FavoritesView.swift */ = {isa = PBXFileReference; lastKnownFileType = sourcecode.swift; path = FavoritesView.swift; sourceTree = "<group>"; };
		463E77F4A71FDE337B83133E /* Interval v1.entitlements */ = {isa = PBXFileReference; lastKnownFileType = text.plist.entitlements; path = "Interval v1.entitlements"; sourceTree = "<group>"; };
		549A53017D7ECA154DD398BE /* Info.plist */ = {isa = PBXFileReference; lastKnownFileType = text.plist; path = Info.plist; sourceTree = "<group>"; };
		55C1CE8AF0E29B686B47482E /* IntervalLiveActivity.swift */ = {isa = PBXFileReference; lastKnownFileType = sourcecode.swift; path = IntervalLiveActivity.swift; sourceTree = "<group>"; };
		55FBF50D0D81DB9623EC3296 /* LiveActivityManager.swift */ = {isa = PBXFileReference; lastKnownFileType = sourcecode.swift; path = LiveActivityManager.swift; sourceTree = "<group>"; };
		61318F0E0B965A3A803B7F56 /* FinishedView.swift */ = {isa = PBXFileReference; lastKnownFileType = sourcecode.swift; path = FinishedView.swift; sourceTree = "<group>"; };
		61A69C1F8DEA73FDE65ADF28 /* AccountView.swift */ = {isa = PBXFileReference; lastKnownFileType = sourcecode.swift; path = AccountView.swift; sourceTree = "<group>"; };
		66A6CDA41091D54124338210 /* schema.sql */ = {isa = PBXFileReference; path = schema.sql; sourceTree = "<group>"; };
		6D450BC57768A77F4C729966 /* PrivacyInfo.xcprivacy */ = {isa = PBXFileReference; path = PrivacyInfo.xcprivacy; sourceTree = "<group>"; };
		704F09BF332567EC9ADA8289 /* OnboardingView.swift */ = {isa = PBXFileReference; lastKnownFileType = sourcecode.swift; path = OnboardingView.swift; sourceTree = "<group>"; };
		70AA7CB88399234378115053 /* Interval Widget.appex */ = {isa = PBXFileReference; includeInIndex = 0; lastKnownFileType = "wrapper.app-extension"; path = "Interval Widget.appex"; sourceTree = BUILT_PRODUCTS_DIR; };
		72031F1E7D3A722E75F130B3 /* SupabaseConfig.swift */ = {isa = PBXFileReference; lastKnownFileType = sourcecode.swift; path = SupabaseConfig.swift; sourceTree = "<group>"; };
		72A450DABE1B59E806D41D3D /* ActivityPhase+UI.swift */ = {isa = PBXFileReference; lastKnownFileType = sourcecode.swift; path = "ActivityPhase+UI.swift"; sourceTree = "<group>"; };
		743D6B0A7D3ADB86B2ADD246 /* CountdownView.swift */ = {isa = PBXFileReference; lastKnownFileType = sourcecode.swift; path = CountdownView.swift; sourceTree = "<group>"; };
		7E07EF02E4D97B31FEEC6EEA /* Workout.swift */ = {isa = PBXFileReference; lastKnownFileType = sourcecode.swift; path = Workout.swift; sourceTree = "<group>"; };
		83BBF417A11F9E0E1675E6DD /* SupabaseManager.swift */ = {isa = PBXFileReference; lastKnownFileType = sourcecode.swift; path = SupabaseManager.swift; sourceTree = "<group>"; };
		84EA4FA00A621D7D0E5FE2ED /* ActiveTrainingView.swift */ = {isa = PBXFileReference; lastKnownFileType = sourcecode.swift; path = ActiveTrainingView.swift; sourceTree = "<group>"; };
		8745C9D53DFC9BC29EEFD814 /* WorkoutEntityTests.swift */ = {isa = PBXFileReference; lastKnownFileType = sourcecode.swift; path = WorkoutEntityTests.swift; sourceTree = "<group>"; };
		94A6B11C4072CB2A062858C5 /* Animations.swift */ = {isa = PBXFileReference; lastKnownFileType = sourcecode.swift; path = Animations.swift; sourceTree = "<group>"; };
		9DA9A411DDAC91317A47E15E /* README.md */ = {isa = PBXFileReference; lastKnownFileType = net.daringfireball.markdown; path = README.md; sourceTree = "<group>"; };
		B1AB367F33E195113E625DE1 /* PrivacyInfo.xcprivacy */ = {isa = PBXFileReference; path = PrivacyInfo.xcprivacy; sourceTree = "<group>"; };
		B24BB45715541464AD162385 /* SaveFavoriteSheet.swift */ = {isa = PBXFileReference; lastKnownFileType = sourcecode.swift; path = SaveFavoriteSheet.swift; sourceTree = "<group>"; };
		BCA0056F71F6F39178E7598B /* AuthManager.swift */ = {isa = PBXFileReference; lastKnownFileType = sourcecode.swift; path = AuthManager.swift; sourceTree = "<group>"; };
		C2A43E3B68219F6F83F8ED24 /* AudioEngine.swift */ = {isa = PBXFileReference; lastKnownFileType = sourcecode.swift; path = AudioEngine.swift; sourceTree = "<group>"; };
		CE6064128651A7C05DCDFAE2 /* Interval v1 Tests.xctest */ = {isa = PBXFileReference; includeInIndex = 0; lastKnownFileType = wrapper.cfbundle; path = "Interval v1 Tests.xctest"; sourceTree = BUILT_PRODUCTS_DIR; };
		CF2D57CB6C236BBEB65FF6A5 /* Interval v1.app */ = {isa = PBXFileReference; includeInIndex = 0; lastKnownFileType = wrapper.application; path = "Interval v1.app"; sourceTree = BUILT_PRODUCTS_DIR; };
		D4419A45F035E74D556B60F9 /* AppTheme.swift */ = {isa = PBXFileReference; lastKnownFileType = sourcecode.swift; path = AppTheme.swift; sourceTree = "<group>"; };
		E348B289D1B87DDA39D0AEFB /* ActivityPhase.swift */ = {isa = PBXFileReference; lastKnownFileType = sourcecode.swift; path = ActivityPhase.swift; sourceTree = "<group>"; };
		EEF38F836176890F13921DA3 /* TimerEngineTests.swift */ = {isa = PBXFileReference; lastKnownFileType = sourcecode.swift; path = TimerEngineTests.swift; sourceTree = "<group>"; };
		EF983C2F7F4D8E59A32C3B8F /* LockScreenView.swift */ = {isa = PBXFileReference; lastKnownFileType = sourcecode.swift; path = LockScreenView.swift; sourceTree = "<group>"; };
		F1D23B0DAC25EC0787897AF5 /* InlineTimeWheel.swift */ = {isa = PBXFileReference; lastKnownFileType = sourcecode.swift; path = InlineTimeWheel.swift; sourceTree = "<group>"; };
		FC807B88BF4535DDAA572FEE /* IntervalActivityAttributes.swift */ = {isa = PBXFileReference; lastKnownFileType = sourcecode.swift; path = IntervalActivityAttributes.swift; sourceTree = "<group>"; };
		FDE0D4319DE0D8E63AFE149E /* WorkoutStore.swift */ = {isa = PBXFileReference; lastKnownFileType = sourcecode.swift; path = WorkoutStore.swift; sourceTree = "<group>"; };
/* End PBXFileReference section */

/* Begin PBXFrameworksBuildPhase section */
		A5A4C0F2DC1A1167573C4D1A /* Frameworks */ = {
			isa = PBXFrameworksBuildPhase;
			buildActionMask = 2147483647;
			files = (
				DE433687F5F89830CD5D8476 /* Supabase in Frameworks */,
			);
			runOnlyForDeploymentPostprocessing = 0;
		};
/* End PBXFrameworksBuildPhase section */

/* Begin PBXGroup section */
		0283A1B1A89DD6EF16381F2E /* LiveActivity */ = {
			isa = PBXGroup;
			children = (
				55FBF50D0D81DB9623EC3296 /* LiveActivityManager.swift */,
			);
			path = LiveActivity;
			sourceTree = "<group>";
		};
		23130B48F9CBD6D8D0597DCB = {
			isa = PBXGroup;
			children = (
				92AC1FAD3CDDC8D7948B3204 /* Interval v1 */,
				6431168B9498B35104CFD2BE /* Interval v1 Tests */,
				F53F887E6FF5B4ACF55521D7 /* Interval Widget */,
				81EBE79DD673A7551241EC74 /* Shared */,
				35840D326718078B5852511E /* Products */,
			);
			sourceTree = "<group>";
		};
		35840D326718078B5852511E /* Products */ = {
			isa = PBXGroup;
			children = (
				CE6064128651A7C05DCDFAE2 /* Interval v1 Tests.xctest */,
				CF2D57CB6C236BBEB65FF6A5 /* Interval v1.app */,
				70AA7CB88399234378115053 /* Interval Widget.appex */,
			);
			name = Products;
			sourceTree = "<group>";
		};
		45D86C501417FF525D30745F /* Models */ = {
			isa = PBXGroup;
			children = (
				7E07EF02E4D97B31FEEC6EEA /* Workout.swift */,
				42169C636F95173A8FAF7B27 /* WorkoutEntity.swift */,
				FDE0D4319DE0D8E63AFE149E /* WorkoutStore.swift */,
			);
			path = Models;
			sourceTree = "<group>";
		};
		4D513CF6E4FD6FE370E2B702 /* Auth */ = {
			isa = PBXGroup;
			children = (
				BCA0056F71F6F39178E7598B /* AuthManager.swift */,
			);
			path = Auth;
			sourceTree = "<group>";
		};
		4E64553B775D941DCE33B9C8 /* Home */ = {
			isa = PBXGroup;
			children = (
				3DC5F2596FE2F3A0C1606738 /* HomeView.swift */,
				4462E6903E287743021CE370 /* InlineRoundsWheel.swift */,
				F1D23B0DAC25EC0787897AF5 /* InlineTimeWheel.swift */,
				B24BB45715541464AD162385 /* SaveFavoriteSheet.swift */,
				0599F05B922A9CA51DEAA745 /* ValuePickerRow.swift */,
			);
			path = Home;
			sourceTree = "<group>";
		};
		4EF4528FD1A9055AF45F959B /* Navigation */ = {
			isa = PBXGroup;
			children = (
				20627C98A4C8D512E2BCDE3A /* RootTabView.swift */,
			);
			path = Navigation;
			sourceTree = "<group>";
		};
		612042B8BD8A102E291194E3 /* Supabase */ = {
			isa = PBXGroup;
			children = (
				66A6CDA41091D54124338210 /* schema.sql */,
				72031F1E7D3A722E75F130B3 /* SupabaseConfig.swift */,
				83BBF417A11F9E0E1675E6DD /* SupabaseManager.swift */,
			);
			path = Supabase;
			sourceTree = "<group>";
		};
		6431168B9498B35104CFD2BE /* Interval v1 Tests */ = {
			isa = PBXGroup;
			children = (
				EEF38F836176890F13921DA3 /* TimerEngineTests.swift */,
				8745C9D53DFC9BC29EEFD814 /* WorkoutEntityTests.swift */,
				17D72A6C17649F62F36B8AF5 /* WorkoutKitExporterTests.swift */,
				042671CDF4FF83920C14A08F /* WorkoutTests.swift */,
			);
			path = "Interval v1 Tests";
			sourceTree = "<group>";
		};
		6505FCD2585D91FEDC5D62D7 /* Active */ = {
			isa = PBXGroup;
			children = (
				84EA4FA00A621D7D0E5FE2ED /* ActiveTrainingView.swift */,
				743D6B0A7D3ADB86B2ADD246 /* CountdownView.swift */,
				61318F0E0B965A3A803B7F56 /* FinishedView.swift */,
				2AE96B872CFACAB6C070AE62 /* TimerEngine.swift */,
			);
			path = Active;
			sourceTree = "<group>";
		};
		81EBE79DD673A7551241EC74 /* Shared */ = {
			isa = PBXGroup;
			children = (
				E348B289D1B87DDA39D0AEFB /* ActivityPhase.swift */,
				FC807B88BF4535DDAA572FEE /* IntervalActivityAttributes.swift */,
			);
			path = Shared;
			sourceTree = "<group>";
		};
		82323F07C5E6E6F3FF83E4FA /* Resources */ = {
			isa = PBXGroup;
			children = (
				877621DB108BC16244BE87AC /* Audio */,
			);
			path = Resources;
			sourceTree = "<group>";
		};
		83EACDD640F91EC6B702AC10 /* Account */ = {
			isa = PBXGroup;
			children = (
				61A69C1F8DEA73FDE65ADF28 /* AccountView.swift */,
			);
			path = Account;
			sourceTree = "<group>";
		};
		877621DB108BC16244BE87AC /* Audio */ = {
			isa = PBXGroup;
			children = (
				9DA9A411DDAC91317A47E15E /* README.md */,
			);
			path = Audio;
			sourceTree = "<group>";
		};
		879CF06D8B701C1DB4033F9A /* Theme */ = {
			isa = PBXGroup;
			children = (
				94A6B11C4072CB2A062858C5 /* Animations.swift */,
				D4419A45F035E74D556B60F9 /* AppTheme.swift */,
			);
			path = Theme;
			sourceTree = "<group>";
		};
		92AC1FAD3CDDC8D7948B3204 /* Interval v1 */ = {
			isa = PBXGroup;
			children = (
				085C6AF7C7A136B0B66D856B /* Assets.xcassets */,
				549A53017D7ECA154DD398BE /* Info.plist */,
				463E77F4A71FDE337B83133E /* Interval v1.entitlements */,
				1484355F434C44F806731F9B /* IntervalApp.swift */,
				07DE35D61F94F544C94B7E2F /* Localizable.xcstrings */,
				B1AB367F33E195113E625DE1 /* PrivacyInfo.xcprivacy */,
				AD2D894CBD5F651952ABB3AA /* Audio */,
				4D513CF6E4FD6FE370E2B702 /* Auth */,
				0F0EDBF47A45F8BD7595D1BA /* LaunchScreen.storyboard */,
				0283A1B1A89DD6EF16381F2E /* LiveActivity */,
				45D86C501417FF525D30745F /* Models */,
				4EF4528FD1A9055AF45F959B /* Navigation */,
				82323F07C5E6E6F3FF83E4FA /* Resources */,
				C8D2A4EE250F5ED457CBA3F4 /* Screens */,
				612042B8BD8A102E291194E3 /* Supabase */,
				879CF06D8B701C1DB4033F9A /* Theme */,
				CE68F02F9E1E5991B1FA737F /* WorkoutKit */,
			);
			path = "Interval v1";
			sourceTree = "<group>";
		};
		AA08960D06F75D4AFD230441 /* Onboarding */ = {
			isa = PBXGroup;
			children = (
				704F09BF332567EC9ADA8289 /* OnboardingView.swift */,
			);
			path = Onboarding;
			sourceTree = "<group>";
		};
		AD2D894CBD5F651952ABB3AA /* Audio */ = {
			isa = PBXGroup;
			children = (
				C2A43E3B68219F6F83F8ED24 /* AudioEngine.swift */,
				31DEE8F83356E0556F83707C /* AudioSettings.swift */,
			);
			path = Audio;
			sourceTree = "<group>";
		};
		C0118441E4A5FA8FA90CA6DA /* Favorites */ = {
			isa = PBXGroup;
			children = (
				461C5F0E2E1C757153E6F46A /* FavoritesView.swift */,
			);
			path = Favorites;
			sourceTree = "<group>";
		};
		C8D2A4EE250F5ED457CBA3F4 /* Screens */ = {
			isa = PBXGroup;
			children = (
				83EACDD640F91EC6B702AC10 /* Account */,
				6505FCD2585D91FEDC5D62D7 /* Active */,
				C0118441E4A5FA8FA90CA6DA /* Favorites */,
				4E64553B775D941DCE33B9C8 /* Home */,
				AA08960D06F75D4AFD230441 /* Onboarding */,
			);
			path = Screens;
			sourceTree = "<group>";
		};
		CE68F02F9E1E5991B1FA737F /* WorkoutKit */ = {
			isa = PBXGroup;
			children = (
				2B28FD10129B24EE41F8B2F4 /* WorkoutKitExporter.swift */,
			);
			path = WorkoutKit;
			sourceTree = "<group>";
		};
		F53F887E6FF5B4ACF55521D7 /* Interval Widget */ = {
			isa = PBXGroup;
			children = (
				72A450DABE1B59E806D41D3D /* ActivityPhase+UI.swift */,
				3BEB990625E39ABBC05414DE /* Info.plist */,
				55C1CE8AF0E29B686B47482E /* IntervalLiveActivity.swift */,
				447664BAAB78608659C2D094 /* IntervalWidgetBundle.swift */,
				EF983C2F7F4D8E59A32C3B8F /* LockScreenView.swift */,
				6D450BC57768A77F4C729966 /* PrivacyInfo.xcprivacy */,
				2A96D5ADCDD0A4E13D4B5126 /* WidgetBrand.swift */,
			);
			path = "Interval Widget";
			sourceTree = "<group>";
		};
/* End PBXGroup section */

/* Begin PBXNativeTarget section */
		D5FFBB9648D063549E00B778 /* Interval v1 Tests */ = {
			isa = PBXNativeTarget;
			buildConfigurationList = B2E7A4AEC02B537A5273F285 /* Build configuration list for PBXNativeTarget "Interval v1 Tests" */;
			buildPhases = (
				8CF38458409BD324BF4DB737 /* Sources */,
			);
			buildRules = (
			);
			dependencies = (
				068D12D22B9ADA553CFEE37D /* PBXTargetDependency */,
			);
			name = "Interval v1 Tests";
			packageProductDependencies = (
			);
			productName = "Interval v1 Tests";
			productReference = CE6064128651A7C05DCDFAE2 /* Interval v1 Tests.xctest */;
			productType = "com.apple.product-type.bundle.unit-test";
		};
		DC999040F21647EED41DE032 /* Interval Widget */ = {
			isa = PBXNativeTarget;
			buildConfigurationList = 26768D8CA2543F95BC685742 /* Build configuration list for PBXNativeTarget "Interval Widget" */;
			buildPhases = (
				A13EBC3E75618C3B1AA8E533 /* Sources */,
				79A98D8A393E41167064418A /* Resources */,
			);
			buildRules = (
			);
			dependencies = (
			);
			name = "Interval Widget";
			packageProductDependencies = (
			);
			productName = "Interval Widget";
			productReference = 70AA7CB88399234378115053 /* Interval Widget.appex */;
			productType = "com.apple.product-type.app-extension";
		};
		FBF5E7D5C8B5BD2B19E1D57E /* Interval v1 */ = {
			isa = PBXNativeTarget;
			buildConfigurationList = ECFB4D5989F04EAC092088E1 /* Build configuration list for PBXNativeTarget "Interval v1" */;
			buildPhases = (
				367B29468EADC36B06EEDA56 /* Sources */,
				3BF67ECCA1334F9110896DE7 /* Resources */,
				A5A4C0F2DC1A1167573C4D1A /* Frameworks */,
				F4A2CE52AF30CC08FF822C4E /* Embed Foundation Extensions */,
			);
			buildRules = (
			);
			dependencies = (
				1D21795F8602F82ED0A6F88F /* PBXTargetDependency */,
			);
			name = "Interval v1";
			packageProductDependencies = (
				CB437C5FD64AA075E0E6F7B3 /* Supabase */,
			);
			productName = "Interval v1";
			productReference = CF2D57CB6C236BBEB65FF6A5 /* Interval v1.app */;
			productType = "com.apple.product-type.application";
		};
/* End PBXNativeTarget section */

/* Begin PBXProject section */
		E9B280FDCB3D7FB821C692BE /* Project object */ = {
			isa = PBXProject;
			attributes = {
				BuildIndependentTargetsInParallel = YES;
				LastUpgradeCheck = 1430;
				TargetAttributes = {
					D5FFBB9648D063549E00B778 = {
						DevelopmentTeam = VB6FS3N78T;
					};
					DC999040F21647EED41DE032 = {
						DevelopmentTeam = VB6FS3N78T;
					};
					FBF5E7D5C8B5BD2B19E1D57E = {
						DevelopmentTeam = VB6FS3N78T;
					};
				};
			};
			buildConfigurationList = 80946DB639ADF21CD5C34F86 /* Build configuration list for PBXProject "Interval v1" */;
			developmentRegion = nl;
			hasScannedForEncodings = 0;
			knownRegions = (
				Base,
				nl,
			);
			mainGroup = 23130B48F9CBD6D8D0597DCB;
			minimizedProjectReferenceProxies = 1;
			packageReferences = (
				D9C2E22E342721E2AC858AA1 /* XCRemoteSwiftPackageReference "supabase-swift" */,
			);
			preferredProjectObjectVersion = 77;
			productRefGroup = 35840D326718078B5852511E /* Products */;
			projectDirPath = "";
			projectRoot = "";
			targets = (
				DC999040F21647EED41DE032 /* Interval Widget */,
				FBF5E7D5C8B5BD2B19E1D57E /* Interval v1 */,
				D5FFBB9648D063549E00B778 /* Interval v1 Tests */,
			);
		};
/* End PBXProject section */

/* Begin PBXResourcesBuildPhase section */
		3BF67ECCA1334F9110896DE7 /* Resources */ = {
			isa = PBXResourcesBuildPhase;
			buildActionMask = 2147483647;
			files = (
				A3B457F9D874C1992D1FFAB1 /* Assets.xcassets in Resources */,
				2AF864E11AD2D7D63AA96EBD /* LaunchScreen.storyboard in Resources */,
				291C0C3EE0D5C89F18DDE75A /* Localizable.xcstrings in Resources */,
				1E34CA30C96A2DAA9277BAF6 /* PrivacyInfo.xcprivacy in Resources */,
				04678A75B08319A645E1F633 /* README.md in Resources */,
				1BD170AAA30B95284D7FC156 /* schema.sql in Resources */,
			);
			runOnlyForDeploymentPostprocessing = 0;
		};
		79A98D8A393E41167064418A /* Resources */ = {
			isa = PBXResourcesBuildPhase;
			buildActionMask = 2147483647;
			files = (
				FAF744945469F826A06572D5 /* PrivacyInfo.xcprivacy in Resources */,
			);
			runOnlyForDeploymentPostprocessing = 0;
		};
/* End PBXResourcesBuildPhase section */

/* Begin PBXSourcesBuildPhase section */
		367B29468EADC36B06EEDA56 /* Sources */ = {
			isa = PBXSourcesBuildPhase;
			buildActionMask = 2147483647;
			files = (
				2B1A506AAEB329A5EACFC5AA /* AccountView.swift in Sources */,
				ABACFBA651CF8E11DD06C335 /* ActiveTrainingView.swift in Sources */,
				D1B95E7ED1E8E607FFAEFB56 /* ActivityPhase.swift in Sources */,
				2B295A7950587A7B9F1AC8BF /* Animations.swift in Sources */,
				44133D2151A5848A5755C5FD /* AppTheme.swift in Sources */,
				4A4D11909F49850F3F9F71C2 /* AudioEngine.swift in Sources */,
				7EAF8396FD6903D87A0F9E59 /* AudioSettings.swift in Sources */,
				A07905595BB0D233B12869E8 /* AuthManager.swift in Sources */,
				6F0E8DB303459D483CFE1531 /* CountdownView.swift in Sources */,
				927B1586414370BEF5D84C29 /* FavoritesView.swift in Sources */,
				64A1604F11E93F68743D821B /* FinishedView.swift in Sources */,
				2AAFB93F717994638933890A /* HomeView.swift in Sources */,
				E5D27C9CBABC078F59698503 /* InlineRoundsWheel.swift in Sources */,
				B73CFB3DC97FE2B4C9CA57F9 /* InlineTimeWheel.swift in Sources */,
				35433B6F7C099D6AFAA8873F /* IntervalActivityAttributes.swift in Sources */,
				1FA5DD192AAED161D8C3C6F2 /* IntervalApp.swift in Sources */,
				1AA518B3BA6AA2A3AF447AA0 /* LiveActivityManager.swift in Sources */,
				429F0DB3FEA29EE41325583B /* OnboardingView.swift in Sources */,
				0AE515443A6E22ED5CD1752E /* RootTabView.swift in Sources */,
				DA9FD87FB8F37F31B3A77E64 /* SaveFavoriteSheet.swift in Sources */,
				DB53AED0D32F52EC2202DEF1 /* SupabaseConfig.swift in Sources */,
				B7C7F435EFF180F663765826 /* SupabaseManager.swift in Sources */,
				EA9ED321DBED5A896DC20300 /* TimerEngine.swift in Sources */,
				2C638EB2947FA20AACED8759 /* ValuePickerRow.swift in Sources */,
				A4DD6716BB8588A3EC0FFAD2 /* Workout.swift in Sources */,
				B13411C45D0F9280A8B0BEEC /* WorkoutEntity.swift in Sources */,
				4082D7888CEEC94C641A15C0 /* WorkoutKitExporter.swift in Sources */,
				47929C9AB9C74B46B506794E /* WorkoutStore.swift in Sources */,
			);
			runOnlyForDeploymentPostprocessing = 0;
		};
		8CF38458409BD324BF4DB737 /* Sources */ = {
			isa = PBXSourcesBuildPhase;
			buildActionMask = 2147483647;
			files = (
				1CC585E974EFA8ACA33756A6 /* TimerEngineTests.swift in Sources */,
				AD3AD2AA7D37FFBDAD532471 /* WorkoutEntityTests.swift in Sources */,
				2F0A8BD61D614E0D71522CBE /* WorkoutKitExporterTests.swift in Sources */,
				9B560898D3D242FC468383C5 /* WorkoutTests.swift in Sources */,
			);
			runOnlyForDeploymentPostprocessing = 0;
		};
		A13EBC3E75618C3B1AA8E533 /* Sources */ = {
			isa = PBXSourcesBuildPhase;
			buildActionMask = 2147483647;
			files = (
				A83B5D1BC680045134B926FC /* ActivityPhase+UI.swift in Sources */,
				EF27DCA18A5F294A7B4746DF /* ActivityPhase.swift in Sources */,
				12447468048A54255C35462A /* IntervalActivityAttributes.swift in Sources */,
				98AFC9A4A1F855598D6D5FAD /* IntervalLiveActivity.swift in Sources */,
				C49601EC34E9E42C408A3835 /* IntervalWidgetBundle.swift in Sources */,
				38EEFC93325B4CBD37269E31 /* LockScreenView.swift in Sources */,
				5B69F541E6DD4523D6131F24 /* WidgetBrand.swift in Sources */,
			);
			runOnlyForDeploymentPostprocessing = 0;
		};
/* End PBXSourcesBuildPhase section */

/* Begin PBXTargetDependency section */
		068D12D22B9ADA553CFEE37D /* PBXTargetDependency */ = {
			isa = PBXTargetDependency;
			target = FBF5E7D5C8B5BD2B19E1D57E /* Interval v1 */;
			targetProxy = C2049774BBBE5D9CA29F13AC /* PBXContainerItemProxy */;
		};
		1D21795F8602F82ED0A6F88F /* PBXTargetDependency */ = {
			isa = PBXTargetDependency;
			target = DC999040F21647EED41DE032 /* Interval Widget */;
			targetProxy = E00F353ABF5F1699C06F4219 /* PBXContainerItemProxy */;
		};
/* End PBXTargetDependency section */

/* Begin PBXVariantGroup section */
		0F0EDBF47A45F8BD7595D1BA /* LaunchScreen.storyboard */ = {
			isa = PBXVariantGroup;
			children = (
				44543D7DFF399DB634544935 /* Base */,
			);
			name = LaunchScreen.storyboard;
			sourceTree = "<group>";
		};
/* End PBXVariantGroup section */

/* Begin XCBuildConfiguration section */
		1F9992890B7E7AF8E1F9253A /* Debug */ = {
			isa = XCBuildConfiguration;
			buildSettings = {
				INFOPLIST_FILE = "Interval Widget/Info.plist";
				IPHONEOS_DEPLOYMENT_TARGET = 18.0;
				LD_RUNPATH_SEARCH_PATHS = (
					"$(inherited)",
					"@executable_path/Frameworks",
					"@executable_path/../../Frameworks",
				);
				PRODUCT_BUNDLE_IDENTIFIER = com.superapp.intervalv1.widget;
				SDKROOT = iphoneos;
				SKIP_INSTALL = YES;
				TARGETED_DEVICE_FAMILY = "1,2";
			};
			name = Debug;
		};
		266A4B860500B2D90EA4BD11 /* Release */ = {
			isa = XCBuildConfiguration;
			buildSettings = {
				ALWAYS_SEARCH_USER_PATHS = NO;
				ASSETCATALOG_COMPILER_APPICON_NAME = AppIcon;
				CLANG_ANALYZER_NONNULL = YES;
				CLANG_ANALYZER_NUMBER_OBJECT_CONVERSION = YES_AGGRESSIVE;
				CLANG_CXX_LANGUAGE_STANDARD = "gnu++14";
				CLANG_CXX_LIBRARY = "libc++";
				CLANG_ENABLE_MODULES = YES;
				CLANG_ENABLE_OBJC_ARC = YES;
				CLANG_ENABLE_OBJC_WEAK = YES;
				CLANG_WARN_BLOCK_CAPTURE_AUTORELEASING = YES;
				CLANG_WARN_BOOL_CONVERSION = YES;
				CLANG_WARN_COMMA = YES;
				CLANG_WARN_CONSTANT_CONVERSION = YES;
				CLANG_WARN_DEPRECATED_OBJC_IMPLEMENTATIONS = YES;
				CLANG_WARN_DIRECT_OBJC_ISA_USAGE = YES_ERROR;
				CLANG_WARN_DOCUMENTATION_COMMENTS = YES;
				CLANG_WARN_EMPTY_BODY = YES;
				CLANG_WARN_ENUM_CONVERSION = YES;
				CLANG_WARN_INFINITE_RECURSION = YES;
				CLANG_WARN_INT_CONVERSION = YES;
				CLANG_WARN_NON_LITERAL_NULL_CONVERSION = YES;
				CLANG_WARN_OBJC_IMPLICIT_RETAIN_SELF = YES;
				CLANG_WARN_OBJC_LITERAL_CONVERSION = YES;
				CLANG_WARN_OBJC_ROOT_CLASS = YES_ERROR;
				CLANG_WARN_QUOTED_INCLUDE_IN_FRAMEWORK_HEADER = YES;
				CLANG_WARN_RANGE_LOOP_ANALYSIS = YES;
				CLANG_WARN_STRICT_PROTOTYPES = YES;
				CLANG_WARN_SUSPICIOUS_MOVE = YES;
				CLANG_WARN_UNGUARDED_AVAILABILITY = YES_AGGRESSIVE;
				CLANG_WARN_UNREACHABLE_CODE = YES;
				CLANG_WARN__DUPLICATE_METHOD_MATCH = YES;
				COPY_PHASE_STRIP = NO;
				CURRENT_PROJECT_VERSION = 1;
				DEBUG_INFORMATION_FORMAT = "dwarf-with-dsym";
				DEVELOPMENT_TEAM = VB6FS3N78T;
				ENABLE_NS_ASSERTIONS = NO;
				ENABLE_STRICT_OBJC_MSGSEND = YES;
				GCC_C_LANGUAGE_STANDARD = gnu11;
				GCC_NO_COMMON_BLOCKS = YES;
				GCC_WARN_64_TO_32_BIT_CONVERSION = YES;
				GCC_WARN_ABOUT_RETURN_TYPE = YES_ERROR;
				GCC_WARN_UNDECLARED_SELECTOR = YES;
				GCC_WARN_UNINITIALIZED_AUTOS = YES_AGGRESSIVE;
				GCC_WARN_UNUSED_FUNCTION = YES;
				GCC_WARN_UNUSED_VARIABLE = YES;
				LOCALIZATION_PREFERS_STRING_CATALOGS = YES;
				MARKETING_VERSION = 1.0;
				MTL_ENABLE_DEBUG_INFO = NO;
				MTL_FAST_MATH = YES;
				PRODUCT_NAME = "$(TARGET_NAME)";
				SDKROOT = iphoneos;
				SUPPORTED_PLATFORMS = "iphoneos iphonesimulator";
				SUPPORTS_MACCATALYST = NO;
				SWIFT_COMPILATION_MODE = wholemodule;
				SWIFT_EMIT_LOC_STRINGS = YES;
				SWIFT_OPTIMIZATION_LEVEL = "-O";
				SWIFT_VERSION = 5.0;
				TARGETED_DEVICE_FAMILY = 2;
			};
			name = Release;
		};
		559A19C0CE015235D7240E5D /* Debug */ = {
			isa = XCBuildConfiguration;
			buildSettings = {
				ALWAYS_SEARCH_USER_PATHS = NO;
				ASSETCATALOG_COMPILER_APPICON_NAME = AppIcon;
				CLANG_ANALYZER_NONNULL = YES;
				CLANG_ANALYZER_NUMBER_OBJECT_CONVERSION = YES_AGGRESSIVE;
				CLANG_CXX_LANGUAGE_STANDARD = "gnu++14";
				CLANG_CXX_LIBRARY = "libc++";
				CLANG_ENABLE_MODULES = YES;
				CLANG_ENABLE_OBJC_ARC = YES;
				CLANG_ENABLE_OBJC_WEAK = YES;
				CLANG_WARN_BLOCK_CAPTURE_AUTORELEASING = YES;
				CLANG_WARN_BOOL_CONVERSION = YES;
				CLANG_WARN_COMMA = YES;
				CLANG_WARN_CONSTANT_CONVERSION = YES;
				CLANG_WARN_DEPRECATED_OBJC_IMPLEMENTATIONS = YES;
				CLANG_WARN_DIRECT_OBJC_ISA_USAGE = YES_ERROR;
				CLANG_WARN_DOCUMENTATION_COMMENTS = YES;
				CLANG_WARN_EMPTY_BODY = YES;
				CLANG_WARN_ENUM_CONVERSION = YES;
				CLANG_WARN_INFINITE_RECURSION = YES;
				CLANG_WARN_INT_CONVERSION = YES;
				CLANG_WARN_NON_LITERAL_NULL_CONVERSION = YES;
				CLANG_WARN_OBJC_IMPLICIT_RETAIN_SELF = YES;
				CLANG_WARN_OBJC_LITERAL_CONVERSION = YES;
				CLANG_WARN_OBJC_ROOT_CLASS = YES_ERROR;
				CLANG_WARN_QUOTED_INCLUDE_IN_FRAMEWORK_HEADER = YES;
				CLANG_WARN_RANGE_LOOP_ANALYSIS = YES;
				CLANG_WARN_STRICT_PROTOTYPES = YES;
				CLANG_WARN_SUSPICIOUS_MOVE = YES;
				CLANG_WARN_UNGUARDED_AVAILABILITY = YES_AGGRESSIVE;
				CLANG_WARN_UNREACHABLE_CODE = YES;
				CLANG_WARN__DUPLICATE_METHOD_MATCH = YES;
				COPY_PHASE_STRIP = NO;
				CURRENT_PROJECT_VERSION = 1;
				DEBUG_INFORMATION_FORMAT = dwarf;
				DEVELOPMENT_TEAM = VB6FS3N78T;
				ENABLE_STRICT_OBJC_MSGSEND = YES;
				ENABLE_TESTABILITY = YES;
				GCC_C_LANGUAGE_STANDARD = gnu11;
				GCC_DYNAMIC_NO_PIC = NO;
				GCC_NO_COMMON_BLOCKS = YES;
				GCC_OPTIMIZATION_LEVEL = 0;
				GCC_PREPROCESSOR_DEFINITIONS = (
					"$(inherited)",
					"DEBUG=1",
				);
				GCC_WARN_64_TO_32_BIT_CONVERSION = YES;
				GCC_WARN_ABOUT_RETURN_TYPE = YES_ERROR;
				GCC_WARN_UNDECLARED_SELECTOR = YES;
				GCC_WARN_UNINITIALIZED_AUTOS = YES_AGGRESSIVE;
				GCC_WARN_UNUSED_FUNCTION = YES;
				GCC_WARN_UNUSED_VARIABLE = YES;
				LOCALIZATION_PREFERS_STRING_CATALOGS = YES;
				MARKETING_VERSION = 1.0;
				MTL_ENABLE_DEBUG_INFO = INCLUDE_SOURCE;
				MTL_FAST_MATH = YES;
				ONLY_ACTIVE_ARCH = YES;
				PRODUCT_NAME = "$(TARGET_NAME)";
				SDKROOT = iphoneos;
				SUPPORTED_PLATFORMS = "iphoneos iphonesimulator";
				SUPPORTS_MACCATALYST = NO;
				SWIFT_ACTIVE_COMPILATION_CONDITIONS = DEBUG;
				SWIFT_EMIT_LOC_STRINGS = YES;
				SWIFT_OPTIMIZATION_LEVEL = "-Onone";
				SWIFT_VERSION = 5.0;
				TARGETED_DEVICE_FAMILY = 2;
			};
			name = Debug;
		};
		602E294107DE17BCEA0E2942 /* Debug */ = {
			isa = XCBuildConfiguration;
			buildSettings = {
				ASSETCATALOG_COMPILER_APPICON_NAME = AppIcon;
				CODE_SIGN_ENTITLEMENTS = "Interval v1/Interval v1.entitlements";
				CODE_SIGN_IDENTITY = "iPhone Developer";
				INFOPLIST_FILE = "Interval v1/Info.plist";
				IPHONEOS_DEPLOYMENT_TARGET = 18.0;
				LD_RUNPATH_SEARCH_PATHS = (
					"$(inherited)",
					"@executable_path/Frameworks",
				);
				PRODUCT_BUNDLE_IDENTIFIER = com.superapp.intervalv1;
				SDKROOT = iphoneos;
				TARGETED_DEVICE_FAMILY = "1,2";
			};
			name = Debug;
		};
		65DFF7CD4366F632EA47F7B0 /* Debug */ = {
			isa = XCBuildConfiguration;
			buildSettings = {
				BUNDLE_LOADER = "$(TEST_HOST)";
				GENERATE_INFOPLIST_FILE = YES;
				IPHONEOS_DEPLOYMENT_TARGET = 18.0;
				LD_RUNPATH_SEARCH_PATHS = (
					"$(inherited)",
					"@executable_path/Frameworks",
					"@loader_path/Frameworks",
				);
				PRODUCT_BUNDLE_IDENTIFIER = com.superapp.intervalv1.tests;
				SDKROOT = iphoneos;
				TARGETED_DEVICE_FAMILY = "1,2";
				TEST_HOST = "$(BUILT_PRODUCTS_DIR)/Interval v1.app/Interval v1";
			};
			name = Debug;
		};
		6D3C5475A575A6B2F7EE2849 /* Release */ = {
			isa = XCBuildConfiguration;
			buildSettings = {
				ASSETCATALOG_COMPILER_APPICON_NAME = AppIcon;
				CODE_SIGN_ENTITLEMENTS = "Interval v1/Interval v1.entitlements";
				CODE_SIGN_IDENTITY = "iPhone Developer";
				INFOPLIST_FILE = "Interval v1/Info.plist";
				IPHONEOS_DEPLOYMENT_TARGET = 18.0;
				LD_RUNPATH_SEARCH_PATHS = (
					"$(inherited)",
					"@executable_path/Frameworks",
				);
				PRODUCT_BUNDLE_IDENTIFIER = com.superapp.intervalv1;
				SDKROOT = iphoneos;
				TARGETED_DEVICE_FAMILY = "1,2";
			};
			name = Release;
		};
		6DD1AA3458D308B2C0C7176C /* Release */ = {
			isa = XCBuildConfiguration;
			buildSettings = {
				BUNDLE_LOADER = "$(TEST_HOST)";
				GENERATE_INFOPLIST_FILE = YES;
				IPHONEOS_DEPLOYMENT_TARGET = 18.0;
				LD_RUNPATH_SEARCH_PATHS = (
					"$(inherited)",
					"@executable_path/Frameworks",
					"@loader_path/Frameworks",
				);
				PRODUCT_BUNDLE_IDENTIFIER = com.superapp.intervalv1.tests;
				SDKROOT = iphoneos;
				TARGETED_DEVICE_FAMILY = "1,2";
				TEST_HOST = "$(BUILT_PRODUCTS_DIR)/Interval v1.app/Interval v1";
			};
			name = Release;
		};
		7F5BF9588DCCE7F3B58B926F /* Release */ = {
			isa = XCBuildConfiguration;
			buildSettings = {
				INFOPLIST_FILE = "Interval Widget/Info.plist";
				IPHONEOS_DEPLOYMENT_TARGET = 18.0;
				LD_RUNPATH_SEARCH_PATHS = (
					"$(inherited)",
					"@executable_path/Frameworks",
					"@executable_path/../../Frameworks",
				);
				PRODUCT_BUNDLE_IDENTIFIER = com.superapp.intervalv1.widget;
				SDKROOT = iphoneos;
				SKIP_INSTALL = YES;
				TARGETED_DEVICE_FAMILY = "1,2";
			};
			name = Release;
		};
/* End XCBuildConfiguration section */

/* Begin XCConfigurationList section */
		26768D8CA2543F95BC685742 /* Build configuration list for PBXNativeTarget "Interval Widget" */ = {
			isa = XCConfigurationList;
			buildConfigurations = (
				1F9992890B7E7AF8E1F9253A /* Debug */,
				7F5BF9588DCCE7F3B58B926F /* Release */,
			);
			defaultConfigurationIsVisible = 0;
			defaultConfigurationName = Debug;
		};
		80946DB639ADF21CD5C34F86 /* Build configuration list for PBXProject "Interval v1" */ = {
			isa = XCConfigurationList;
			buildConfigurations = (
				559A19C0CE015235D7240E5D /* Debug */,
				266A4B860500B2D90EA4BD11 /* Release */,
			);
			defaultConfigurationIsVisible = 0;
			defaultConfigurationName = Debug;
		};
		B2E7A4AEC02B537A5273F285 /* Build configuration list for PBXNativeTarget "Interval v1 Tests" */ = {
			isa = XCConfigurationList;
			buildConfigurations = (
				65DFF7CD4366F632EA47F7B0 /* Debug */,
				6DD1AA3458D308B2C0C7176C /* Release */,
			);
			defaultConfigurationIsVisible = 0;
			defaultConfigurationName = Debug;
		};
		ECFB4D5989F04EAC092088E1 /* Build configuration list for PBXNativeTarget "Interval v1" */ = {
			isa = XCConfigurationList;
			buildConfigurations = (
				602E294107DE17BCEA0E2942 /* Debug */,
				6D3C5475A575A6B2F7EE2849 /* Release */,
			);
			defaultConfigurationIsVisible = 0;
			defaultConfigurationName = Debug;
		};
/* End XCConfigurationList section */

/* Begin XCRemoteSwiftPackageReference section */
		D9C2E22E342721E2AC858AA1 /* XCRemoteSwiftPackageReference "supabase-swift" */ = {
			isa = XCRemoteSwiftPackageReference;
			repositoryURL = "https://github.com/supabase/supabase-swift";
			requirement = {
				kind = upToNextMajorVersion;
				minimumVersion = 2.0.0;
			};
		};
/* End XCRemoteSwiftPackageReference section */

/* Begin XCSwiftPackageProductDependency section */
		CB437C5FD64AA075E0E6F7B3 /* Supabase */ = {
			isa = XCSwiftPackageProductDependency;
			package = D9C2E22E342721E2AC858AA1 /* XCRemoteSwiftPackageReference "supabase-swift" */;
			productName = Supabase;
		};
/* End XCSwiftPackageProductDependency section */
	};
	rootObject = E9B280FDCB3D7FB821C692BE /* Project object */;
}
